// !$*UTF8*$!
{
	archiveVersion = 1;
	classes = {
	};
	objectVersion = 56;
	objects = {

/* Begin PBXBuildFile section */
		161E400C2B0F60DB0007D793 /* AppDelegate.swift in Sources */ = {isa = PBXBuildFile; fileRef = 161E400B2B0F60DB0007D793 /* AppDelegate.swift */; };
		161E400E2B0F60DB0007D793 /* SceneDelegate.swift in Sources */ = {isa = PBXBuildFile; fileRef = 161E400D2B0F60DB0007D793 /* SceneDelegate.swift */; };
		161E40152B0F60DC0007D793 /* Assets.xcassets in Resources */ = {isa = PBXBuildFile; fileRef = 161E40142B0F60DC0007D793 /* Assets.xcassets */; };
		161E40182B0F60DC0007D793 /* LaunchScreen.storyboard in Resources */ = {isa = PBXBuildFile; fileRef = 161E40162B0F60DC0007D793 /* LaunchScreen.storyboard */; };
		161E40232B0F60DC0007D793 /* eCommerceDemoTests.swift in Sources */ = {isa = PBXBuildFile; fileRef = 161E40222B0F60DC0007D793 /* eCommerceDemoTests.swift */; };
		161E402D2B0F60DC0007D793 /* eCommerceDemoUITests.swift in Sources */ = {isa = PBXBuildFile; fileRef = 161E402C2B0F60DC0007D793 /* eCommerceDemoUITests.swift */; };
		161E402F2B0F60DC0007D793 /* eCommerceDemoUITestsLaunchTests.swift in Sources */ = {isa = PBXBuildFile; fileRef = 161E402E2B0F60DC0007D793 /* eCommerceDemoUITestsLaunchTests.swift */; };
		161E403D2B0F78DA0007D793 /* Alamofire in Frameworks */ = {isa = PBXBuildFile; productRef = 161E403C2B0F78DA0007D793 /* Alamofire */; };
		161E40472B0F7B240007D793 /* HTTPMethod.swift in Sources */ = {isa = PBXBuildFile; fileRef = 161E40412B0F7B240007D793 /* HTTPMethod.swift */; };
		161E40482B0F7B240007D793 /* HNetworkLogger.swift in Sources */ = {isa = PBXBuildFile; fileRef = 161E40422B0F7B240007D793 /* HNetworkLogger.swift */; };
		161E40492B0F7B240007D793 /* HEndPointType.swift in Sources */ = {isa = PBXBuildFile; fileRef = 161E40432B0F7B240007D793 /* HEndPointType.swift */; };
		161E404A2B0F7B240007D793 /* HNetworkError.swift in Sources */ = {isa = PBXBuildFile; fileRef = 161E40442B0F7B240007D793 /* HNetworkError.swift */; };
		161E404B2B0F7B240007D793 /* HNetworkManager.swift in Sources */ = {isa = PBXBuildFile; fileRef = 161E40452B0F7B240007D793 /* HNetworkManager.swift */; };
		161E40502B0F7C870007D793 /* HConstants.swift in Sources */ = {isa = PBXBuildFile; fileRef = 161E404F2B0F7C870007D793 /* HConstants.swift */; };
		161E40552B0F84300007D793 /* Kingfisher in Frameworks */ = {isa = PBXBuildFile; productRef = 161E40542B0F84300007D793 /* Kingfisher */; };
		161E40572B0F84950007D793 /* AuthEndpoint.swift in Sources */ = {isa = PBXBuildFile; fileRef = 161E40562B0F84950007D793 /* AuthEndpoint.swift */; };
		161E40592B0F85010007D793 /* ProfileEndpoint.swift in Sources */ = {isa = PBXBuildFile; fileRef = 161E40582B0F85010007D793 /* ProfileEndpoint.swift */; };
		161E405B2B0F850D0007D793 /* CategoryEndpoint.swift in Sources */ = {isa = PBXBuildFile; fileRef = 161E405A2B0F850D0007D793 /* CategoryEndpoint.swift */; };
		161E405D2B0F85160007D793 /* BrandBannerEndpoint.swift in Sources */ = {isa = PBXBuildFile; fileRef = 161E405C2B0F85160007D793 /* BrandBannerEndpoint.swift */; };
		161E405F2B0F851C0007D793 /* ProductEndpoint.swift in Sources */ = {isa = PBXBuildFile; fileRef = 161E405E2B0F851C0007D793 /* ProductEndpoint.swift */; };
		161E40622B0F87BE0007D793 /* CodableExt.swift in Sources */ = {isa = PBXBuildFile; fileRef = 161E40612B0F87BE0007D793 /* CodableExt.swift */; };
		161E40642B0F88370007D793 /* DictionaryExt.swift in Sources */ = {isa = PBXBuildFile; fileRef = 161E40632B0F88370007D793 /* DictionaryExt.swift */; };
		161E40672B0F8FDA0007D793 /* SnapKit in Frameworks */ = {isa = PBXBuildFile; productRef = 161E40662B0F8FDA0007D793 /* SnapKit */; };
		161E40712B0F904F0007D793 /* HomePresenter.swift in Sources */ = {isa = PBXBuildFile; fileRef = 161E406A2B0F904F0007D793 /* HomePresenter.swift */; };
		161E40722B0F904F0007D793 /* HomeWorker.swift in Sources */ = {isa = PBXBuildFile; fileRef = 161E406B2B0F904F0007D793 /* HomeWorker.swift */; };
		161E40732B0F904F0007D793 /* HomeRouter.swift in Sources */ = {isa = PBXBuildFile; fileRef = 161E406C2B0F904F0007D793 /* HomeRouter.swift */; };
		161E40742B0F904F0007D793 /* HomeModels.swift in Sources */ = {isa = PBXBuildFile; fileRef = 161E406D2B0F904F0007D793 /* HomeModels.swift */; };
		161E40752B0F904F0007D793 /* HomeViewController.swift in Sources */ = {isa = PBXBuildFile; fileRef = 161E406E2B0F904F0007D793 /* HomeViewController.swift */; };
		161E40762B0F904F0007D793 /* HomeInteractor.swift in Sources */ = {isa = PBXBuildFile; fileRef = 161E406F2B0F904F0007D793 /* HomeInteractor.swift */; };
		161E407B2B0F90800007D793 /* CategoryResponseModel.swift in Sources */ = {isa = PBXBuildFile; fileRef = 161E407A2B0F90800007D793 /* CategoryResponseModel.swift */; };
		161E407D2B0F91F40007D793 /* MyWalletResponseModel.swift in Sources */ = {isa = PBXBuildFile; fileRef = 161E407C2B0F91F40007D793 /* MyWalletResponseModel.swift */; };
		161E407F2B0F92060007D793 /* ProductOfferResponseModel.swift in Sources */ = {isa = PBXBuildFile; fileRef = 161E407E2B0F92060007D793 /* ProductOfferResponseModel.swift */; };
		161E40812B0F92110007D793 /* BrandBannersResponseModel.swift in Sources */ = {isa = PBXBuildFile; fileRef = 161E40802B0F92110007D793 /* BrandBannersResponseModel.swift */; };
		161E40842B0F9F320007D793 /* ProductModel.swift in Sources */ = {isa = PBXBuildFile; fileRef = 161E40832B0F9F320007D793 /* ProductModel.swift */; };
		161E40862B0FA1140007D793 /* ProductDetailResponseModel.swift in Sources */ = {isa = PBXBuildFile; fileRef = 161E40852B0FA1140007D793 /* ProductDetailResponseModel.swift */; };
		161E408B2B0FA8820007D793 /* CategoryItemCell.swift in Sources */ = {isa = PBXBuildFile; fileRef = 161E408A2B0FA8820007D793 /* CategoryItemCell.swift */; };
		161E40912B0FAE060007D793 /* UICollectionViewExt.swift in Sources */ = {isa = PBXBuildFile; fileRef = 161E40902B0FAE060007D793 /* UICollectionViewExt.swift */; };
		161E40932B0FCDDA0007D793 /* UIIMageViewExt.swift in Sources */ = {isa = PBXBuildFile; fileRef = 161E40922B0FCDDA0007D793 /* UIIMageViewExt.swift */; };
		161E40952B0FCF4E0007D793 /* Colors.xcassets in Resources */ = {isa = PBXBuildFile; fileRef = 161E40942B0FCF4E0007D793 /* Colors.xcassets */; };
		161E40B62B0FD0890007D793 /* Jost-BoldItalic.ttf in Resources */ = {isa = PBXBuildFile; fileRef = 161E40A02B0FD0890007D793 /* Jost-BoldItalic.ttf */; };
		161E40B72B0FD0890007D793 /* Jost-Bold.ttf in Resources */ = {isa = PBXBuildFile; fileRef = 161E40A12B0FD0890007D793 /* Jost-Bold.ttf */; };
		161E40B82B0FD0890007D793 /* Jost-ThinItalic.ttf in Resources */ = {isa = PBXBuildFile; fileRef = 161E40A22B0FD0890007D793 /* Jost-ThinItalic.ttf */; };
		161E40B92B0FD0890007D793 /* Jost-ExtraLight.ttf in Resources */ = {isa = PBXBuildFile; fileRef = 161E40A32B0FD0890007D793 /* Jost-ExtraLight.ttf */; };
		161E40BA2B0FD0890007D793 /* Jost-BlackItalic.ttf in Resources */ = {isa = PBXBuildFile; fileRef = 161E40A42B0FD0890007D793 /* Jost-BlackItalic.ttf */; };
		161E40BB2B0FD0890007D793 /* Jost-ExtraBoldItalic.ttf in Resources */ = {isa = PBXBuildFile; fileRef = 161E40A52B0FD0890007D793 /* Jost-ExtraBoldItalic.ttf */; };
		161E40BC2B0FD0890007D793 /* Jost-Thin.ttf in Resources */ = {isa = PBXBuildFile; fileRef = 161E40A62B0FD0890007D793 /* Jost-Thin.ttf */; };
		161E40BD2B0FD0890007D793 /* Jost-LightItalic.ttf in Resources */ = {isa = PBXBuildFile; fileRef = 161E40A72B0FD0890007D793 /* Jost-LightItalic.ttf */; };
		161E40BE2B0FD0890007D793 /* Jost-Black.ttf in Resources */ = {isa = PBXBuildFile; fileRef = 161E40A82B0FD0890007D793 /* Jost-Black.ttf */; };
		161E40BF2B0FD0890007D793 /* Jost-ExtraLightItalic.ttf in Resources */ = {isa = PBXBuildFile; fileRef = 161E40A92B0FD0890007D793 /* Jost-ExtraLightItalic.ttf */; };
		161E40C02B0FD0890007D793 /* Jost-Medium.ttf in Resources */ = {isa = PBXBuildFile; fileRef = 161E40AA2B0FD0890007D793 /* Jost-Medium.ttf */; };
		161E40C12B0FD0890007D793 /* Jost-Regular.ttf in Resources */ = {isa = PBXBuildFile; fileRef = 161E40AB2B0FD0890007D793 /* Jost-Regular.ttf */; };
		161E40C22B0FD0890007D793 /* Jost-ExtraBold.ttf in Resources */ = {isa = PBXBuildFile; fileRef = 161E40AC2B0FD0890007D793 /* Jost-ExtraBold.ttf */; };
		161E40C32B0FD0890007D793 /* Jost-Light.ttf in Resources */ = {isa = PBXBuildFile; fileRef = 161E40AD2B0FD0890007D793 /* Jost-Light.ttf */; };
		161E40C42B0FD0890007D793 /* Jost-Italic.ttf in Resources */ = {isa = PBXBuildFile; fileRef = 161E40AE2B0FD0890007D793 /* Jost-Italic.ttf */; };
		161E40C52B0FD0890007D793 /* Jost-SemiBoldItalic.ttf in Resources */ = {isa = PBXBuildFile; fileRef = 161E40AF2B0FD0890007D793 /* Jost-SemiBoldItalic.ttf */; };
		161E40C62B0FD0890007D793 /* Jost-SemiBold.ttf in Resources */ = {isa = PBXBuildFile; fileRef = 161E40B02B0FD0890007D793 /* Jost-SemiBold.ttf */; };
		161E40C72B0FD0890007D793 /* Jost-MediumItalic.ttf in Resources */ = {isa = PBXBuildFile; fileRef = 161E40B12B0FD0890007D793 /* Jost-MediumItalic.ttf */; };
		161E40CC2B0FD6E70007D793 /* UIFontExt.swift in Sources */ = {isa = PBXBuildFile; fileRef = 161E40CB2B0FD6E70007D793 /* UIFontExt.swift */; };
		161E40CE2B0FDADF0007D793 /* UIColorExt.swift in Sources */ = {isa = PBXBuildFile; fileRef = 161E40CD2B0FDADF0007D793 /* UIColorExt.swift */; };
		161E40D02B0FDD250007D793 /* OfferProductItemCell.swift in Sources */ = {isa = PBXBuildFile; fileRef = 161E40CF2B0FDD250007D793 /* OfferProductItemCell.swift */; };
		161E40D62B1003CB0007D793 /* UIViewExt.swift in Sources */ = {isa = PBXBuildFile; fileRef = 161E40D52B1003CB0007D793 /* UIViewExt.swift */; };
		161E40D82B1006820007D793 /* BrandBannerItemCell.swift in Sources */ = {isa = PBXBuildFile; fileRef = 161E40D72B1006820007D793 /* BrandBannerItemCell.swift */; };
		1627DA832B1358060042FAEF /* ProductNutritionsPresenter.swift in Sources */ = {isa = PBXBuildFile; fileRef = 1627DA7C2B1358060042FAEF /* ProductNutritionsPresenter.swift */; };
		1627DA842B1358060042FAEF /* ProductNutritionsWorker.swift in Sources */ = {isa = PBXBuildFile; fileRef = 1627DA7D2B1358060042FAEF /* ProductNutritionsWorker.swift */; };
		1627DA852B1358060042FAEF /* ProductNutritionsRouter.swift in Sources */ = {isa = PBXBuildFile; fileRef = 1627DA7E2B1358060042FAEF /* ProductNutritionsRouter.swift */; };
		1627DA862B1358060042FAEF /* ProductNutritionsModels.swift in Sources */ = {isa = PBXBuildFile; fileRef = 1627DA7F2B1358060042FAEF /* ProductNutritionsModels.swift */; };
		1627DA872B1358060042FAEF /* ProductNutritionsViewController.swift in Sources */ = {isa = PBXBuildFile; fileRef = 1627DA802B1358060042FAEF /* ProductNutritionsViewController.swift */; };
		1627DA882B1358060042FAEF /* ProductNutritionsInteractor.swift in Sources */ = {isa = PBXBuildFile; fileRef = 1627DA812B1358060042FAEF /* ProductNutritionsInteractor.swift */; };
		1627DA8C2B135B3F0042FAEF /* ProductNutritionItemCell.swift in Sources */ = {isa = PBXBuildFile; fileRef = 1627DA8B2B135B3F0042FAEF /* ProductNutritionItemCell.swift */; };
		1627DA8E2B135F060042FAEF /* ProductNutritionHeaderView.swift in Sources */ = {isa = PBXBuildFile; fileRef = 1627DA8D2B135F060042FAEF /* ProductNutritionHeaderView.swift */; };
		1627DA902B1362D10042FAEF /* ProductNutritionFooterView.swift in Sources */ = {isa = PBXBuildFile; fileRef = 1627DA8F2B1362D10042FAEF /* ProductNutritionFooterView.swift */; };
		1627DA922B1366490042FAEF /* HAlert.swift in Sources */ = {isa = PBXBuildFile; fileRef = 1627DA912B1366490042FAEF /* HAlert.swift */; };
		1627DA942B1366BE0042FAEF /* UIViewControllerExt.swift in Sources */ = {isa = PBXBuildFile; fileRef = 1627DA932B1366BE0042FAEF /* UIViewControllerExt.swift */; };
		1627DA962B136AA80042FAEF /* HRoutingManager.swift in Sources */ = {isa = PBXBuildFile; fileRef = 1627DA952B136AA80042FAEF /* HRoutingManager.swift */; };
		1627DA982B136FD40042FAEF /* OutlinedButton.swift in Sources */ = {isa = PBXBuildFile; fileRef = 1627DA972B136FD40042FAEF /* OutlinedButton.swift */; };
		169BC6FB2B12792C00348814 /* PanModal in Frameworks */ = {isa = PBXBuildFile; productRef = 169BC6FA2B12792C00348814 /* PanModal */; };
		169BC7042B12798700348814 /* ProductInfoPresenter.swift in Sources */ = {isa = PBXBuildFile; fileRef = 169BC6FD2B12798700348814 /* ProductInfoPresenter.swift */; };
		169BC7052B12798700348814 /* ProductInfoWorker.swift in Sources */ = {isa = PBXBuildFile; fileRef = 169BC6FE2B12798700348814 /* ProductInfoWorker.swift */; };
		169BC7062B12798700348814 /* ProductInfoRouter.swift in Sources */ = {isa = PBXBuildFile; fileRef = 169BC6FF2B12798700348814 /* ProductInfoRouter.swift */; };
		169BC7072B12798700348814 /* ProductInfoModels.swift in Sources */ = {isa = PBXBuildFile; fileRef = 169BC7002B12798700348814 /* ProductInfoModels.swift */; };
		169BC7082B12798700348814 /* ProductInfoViewController.swift in Sources */ = {isa = PBXBuildFile; fileRef = 169BC7012B12798700348814 /* ProductInfoViewController.swift */; };
		169BC7092B12798700348814 /* ProductInfoInteractor.swift in Sources */ = {isa = PBXBuildFile; fileRef = 169BC7022B12798700348814 /* ProductInfoInteractor.swift */; };
		169BC70C2B128AA200348814 /* PrimarySegmentedControl.swift in Sources */ = {isa = PBXBuildFile; fileRef = 169BC70B2B128AA200348814 /* PrimarySegmentedControl.swift */; };
		169BC7102B129E7D00348814 /* PanPresentableViewController.swift in Sources */ = {isa = PBXBuildFile; fileRef = 169BC70F2B129E7D00348814 /* PanPresentableViewController.swift */; };
		16C6A5062B10FA79004ACE5C /* ProductOffersView.swift in Sources */ = {isa = PBXBuildFile; fileRef = 16C6A5052B10FA79004ACE5C /* ProductOffersView.swift */; };
		16C6A5082B10FB1B004ACE5C /* CategoriesView.swift in Sources */ = {isa = PBXBuildFile; fileRef = 16C6A5072B10FB1B004ACE5C /* CategoriesView.swift */; };
		16C6A50B2B10FF94004ACE5C /* ViewLifeCycleProtocol.swift in Sources */ = {isa = PBXBuildFile; fileRef = 16C6A50A2B10FF94004ACE5C /* ViewLifeCycleProtocol.swift */; };
		16C6A50D2B1100FD004ACE5C /* IntrinsicCollectionView.swift in Sources */ = {isa = PBXBuildFile; fileRef = 16C6A50C2B1100FD004ACE5C /* IntrinsicCollectionView.swift */; };
		16C6A50F2B1102B2004ACE5C /* ProductOfferSectionView.swift in Sources */ = {isa = PBXBuildFile; fileRef = 16C6A50E2B1102B2004ACE5C /* ProductOfferSectionView.swift */; };
		16C6A5162B11096B004ACE5C /* BrandBannersView.swift in Sources */ = {isa = PBXBuildFile; fileRef = 16C6A5152B11096B004ACE5C /* BrandBannersView.swift */; };
		16C6A5182B111E8D004ACE5C /* BaseNavigationController.swift in Sources */ = {isa = PBXBuildFile; fileRef = 16C6A5172B111E8D004ACE5C /* BaseNavigationController.swift */; };
		16C6A51A2B111F1C004ACE5C /* HAppearance.swift in Sources */ = {isa = PBXBuildFile; fileRef = 16C6A5192B111F1C004ACE5C /* HAppearance.swift */; };
		16C6A5212B1120AA004ACE5C /* SeeAllCell.swift in Sources */ = {isa = PBXBuildFile; fileRef = 16C6A5202B1120AA004ACE5C /* SeeAllCell.swift */; };
		16C6A5232B113AF4004ACE5C /* PriceView.swift in Sources */ = {isa = PBXBuildFile; fileRef = 16C6A5222B113AF4004ACE5C /* PriceView.swift */; };
		16C6A5252B113F3C004ACE5C /* StringExt.swift in Sources */ = {isa = PBXBuildFile; fileRef = 16C6A5242B113F3C004ACE5C /* StringExt.swift */; };
		16C6A52E2B114B00004ACE5C /* LoginPresenter.swift in Sources */ = {isa = PBXBuildFile; fileRef = 16C6A5272B114B00004ACE5C /* LoginPresenter.swift */; };
		16C6A52F2B114B00004ACE5C /* LoginWorker.swift in Sources */ = {isa = PBXBuildFile; fileRef = 16C6A5282B114B00004ACE5C /* LoginWorker.swift */; };
		16C6A5302B114B00004ACE5C /* LoginRouter.swift in Sources */ = {isa = PBXBuildFile; fileRef = 16C6A5292B114B00004ACE5C /* LoginRouter.swift */; };
		16C6A5312B114B00004ACE5C /* LoginModels.swift in Sources */ = {isa = PBXBuildFile; fileRef = 16C6A52A2B114B00004ACE5C /* LoginModels.swift */; };
		16C6A5322B114B00004ACE5C /* LoginViewController.swift in Sources */ = {isa = PBXBuildFile; fileRef = 16C6A52B2B114B00004ACE5C /* LoginViewController.swift */; };
		16C6A5332B114B00004ACE5C /* LoginInteractor.swift in Sources */ = {isa = PBXBuildFile; fileRef = 16C6A52C2B114B00004ACE5C /* LoginInteractor.swift */; };
		16C6A5362B114E50004ACE5C /* BaseViewController.swift in Sources */ = {isa = PBXBuildFile; fileRef = 16C6A5352B114E50004ACE5C /* BaseViewController.swift */; };
		16C6A5382B114ED1004ACE5C /* PrimaryButton.swift in Sources */ = {isa = PBXBuildFile; fileRef = 16C6A5372B114ED1004ACE5C /* PrimaryButton.swift */; };
		16C6A53A2B11527A004ACE5C /* PrimaryTextField.swift in Sources */ = {isa = PBXBuildFile; fileRef = 16C6A5392B11527A004ACE5C /* PrimaryTextField.swift */; };
		16C6A53C2B115760004ACE5C /* UIImageExt.swift in Sources */ = {isa = PBXBuildFile; fileRef = 16C6A53B2B115760004ACE5C /* UIImageExt.swift */; };
		16C6A53E2B115AB3004ACE5C /* UITextFieldExt.swift in Sources */ = {isa = PBXBuildFile; fileRef = 16C6A53D2B115AB3004ACE5C /* UITextFieldExt.swift */; };
		16C6A5412B115DE3004ACE5C /* AnyFormatKit in Frameworks */ = {isa = PBXBuildFile; productRef = 16C6A5402B115DE3004ACE5C /* AnyFormatKit */; };
		16C6A5442B11605B004ACE5C /* LoginResponseModel.swift in Sources */ = {isa = PBXBuildFile; fileRef = 16C6A5432B11605B004ACE5C /* LoginResponseModel.swift */; };
		16C6A5472B1161E6004ACE5C /* KeychainAccess in Frameworks */ = {isa = PBXBuildFile; productRef = 16C6A5462B1161E6004ACE5C /* KeychainAccess */; };
		16C6A5492B1161F0004ACE5C /* HKeychainManager.swift in Sources */ = {isa = PBXBuildFile; fileRef = 16C6A5482B1161F0004ACE5C /* HKeychainManager.swift */; };
		16C6A54C2B11E582004ACE5C /* AuthView.swift in Sources */ = {isa = PBXBuildFile; fileRef = 16C6A54B2B11E582004ACE5C /* AuthView.swift */; };
		16C6A54E2B11ED5D004ACE5C /* WalletView.swift in Sources */ = {isa = PBXBuildFile; fileRef = 16C6A54D2B11ED5D004ACE5C /* WalletView.swift */; };
		16C6A5582B12203A004ACE5C /* ProductDetailPresenter.swift in Sources */ = {isa = PBXBuildFile; fileRef = 16C6A5512B12203A004ACE5C /* ProductDetailPresenter.swift */; };
		16C6A5592B12203A004ACE5C /* ProductDetailWorker.swift in Sources */ = {isa = PBXBuildFile; fileRef = 16C6A5522B12203A004ACE5C /* ProductDetailWorker.swift */; };
		16C6A55A2B12203A004ACE5C /* ProductDetailRouter.swift in Sources */ = {isa = PBXBuildFile; fileRef = 16C6A5532B12203A004ACE5C /* ProductDetailRouter.swift */; };
		16C6A55B2B12203A004ACE5C /* ProductDetailModels.swift in Sources */ = {isa = PBXBuildFile; fileRef = 16C6A5542B12203A004ACE5C /* ProductDetailModels.swift */; };
		16C6A55C2B12203A004ACE5C /* ProductDetailViewController.swift in Sources */ = {isa = PBXBuildFile; fileRef = 16C6A5552B12203A004ACE5C /* ProductDetailViewController.swift */; };
		16C6A55D2B12203A004ACE5C /* ProductDetailInteractor.swift in Sources */ = {isa = PBXBuildFile; fileRef = 16C6A5562B12203A004ACE5C /* ProductDetailInteractor.swift */; };
		16C6A5612B122515004ACE5C /* ImageCarouselCell.swift in Sources */ = {isa = PBXBuildFile; fileRef = 16C6A5602B122515004ACE5C /* ImageCarouselCell.swift */; };
		16C6A5632B1225EB004ACE5C /* ImageCarouselItemCell.swift in Sources */ = {isa = PBXBuildFile; fileRef = 16C6A5622B1225EB004ACE5C /* ImageCarouselItemCell.swift */; };
		16C6A5652B122715004ACE5C /* UITableViewExt.swift in Sources */ = {isa = PBXBuildFile; fileRef = 16C6A5642B122715004ACE5C /* UITableViewExt.swift */; };
		16C6A5672B125F7F004ACE5C /* PrimaryPageControl.swift in Sources */ = {isa = PBXBuildFile; fileRef = 16C6A5662B125F7F004ACE5C /* PrimaryPageControl.swift */; };
		16C6A5692B126847004ACE5C /* ProductInfoCell.swift in Sources */ = {isa = PBXBuildFile; fileRef = 16C6A5682B126847004ACE5C /* ProductInfoCell.swift */; };
		16C6A56B2B12700C004ACE5C /* ProductDetailOptionCell.swift in Sources */ = {isa = PBXBuildFile; fileRef = 16C6A56A2B12700C004ACE5C /* ProductDetailOptionCell.swift */; };
		16C6A56D2B1271FC004ACE5C /* BaseTableViewCell.swift in Sources */ = {isa = PBXBuildFile; fileRef = 16C6A56C2B1271FC004ACE5C /* BaseTableViewCell.swift */; };
/* End PBXBuildFile section */

/* Begin PBXContainerItemProxy section */
		161E401F2B0F60DC0007D793 /* PBXContainerItemProxy */ = {
			isa = PBXContainerItemProxy;
			containerPortal = 161E40002B0F60DB0007D793 /* Project object */;
			proxyType = 1;
			remoteGlobalIDString = 161E40072B0F60DB0007D793;
			remoteInfo = eCommerceDemo;
		};
		161E40292B0F60DC0007D793 /* PBXContainerItemProxy */ = {
			isa = PBXContainerItemProxy;
			containerPortal = 161E40002B0F60DB0007D793 /* Project object */;
			proxyType = 1;
			remoteGlobalIDString = 161E40072B0F60DB0007D793;
			remoteInfo = eCommerceDemo;
		};
/* End PBXContainerItemProxy section */

/* Begin PBXFileReference section */
		161E40082B0F60DB0007D793 /* eCommerceDemo.app */ = {isa = PBXFileReference; explicitFileType = wrapper.application; includeInIndex = 0; path = eCommerceDemo.app; sourceTree = BUILT_PRODUCTS_DIR; };
		161E400B2B0F60DB0007D793 /* AppDelegate.swift */ = {isa = PBXFileReference; lastKnownFileType = sourcecode.swift; path = AppDelegate.swift; sourceTree = "<group>"; };
		161E400D2B0F60DB0007D793 /* SceneDelegate.swift */ = {isa = PBXFileReference; lastKnownFileType = sourcecode.swift; path = SceneDelegate.swift; sourceTree = "<group>"; };
		161E40142B0F60DC0007D793 /* Assets.xcassets */ = {isa = PBXFileReference; lastKnownFileType = folder.assetcatalog; path = Assets.xcassets; sourceTree = "<group>"; };
		161E40172B0F60DC0007D793 /* Base */ = {isa = PBXFileReference; lastKnownFileType = file.storyboard; name = Base; path = Base.lproj/LaunchScreen.storyboard; sourceTree = "<group>"; };
		161E40192B0F60DC0007D793 /* Info.plist */ = {isa = PBXFileReference; lastKnownFileType = text.plist.xml; path = Info.plist; sourceTree = "<group>"; };
		161E401E2B0F60DC0007D793 /* eCommerceDemoTests.xctest */ = {isa = PBXFileReference; explicitFileType = wrapper.cfbundle; includeInIndex = 0; path = eCommerceDemoTests.xctest; sourceTree = BUILT_PRODUCTS_DIR; };
		161E40222B0F60DC0007D793 /* eCommerceDemoTests.swift */ = {isa = PBXFileReference; lastKnownFileType = sourcecode.swift; path = eCommerceDemoTests.swift; sourceTree = "<group>"; };
		161E40282B0F60DC0007D793 /* eCommerceDemoUITests.xctest */ = {isa = PBXFileReference; explicitFileType = wrapper.cfbundle; includeInIndex = 0; path = eCommerceDemoUITests.xctest; sourceTree = BUILT_PRODUCTS_DIR; };
		161E402C2B0F60DC0007D793 /* eCommerceDemoUITests.swift */ = {isa = PBXFileReference; lastKnownFileType = sourcecode.swift; path = eCommerceDemoUITests.swift; sourceTree = "<group>"; };
		161E402E2B0F60DC0007D793 /* eCommerceDemoUITestsLaunchTests.swift */ = {isa = PBXFileReference; lastKnownFileType = sourcecode.swift; path = eCommerceDemoUITestsLaunchTests.swift; sourceTree = "<group>"; };
		161E40412B0F7B240007D793 /* HTTPMethod.swift */ = {isa = PBXFileReference; fileEncoding = 4; lastKnownFileType = sourcecode.swift; path = HTTPMethod.swift; sourceTree = "<group>"; };
		161E40422B0F7B240007D793 /* HNetworkLogger.swift */ = {isa = PBXFileReference; fileEncoding = 4; lastKnownFileType = sourcecode.swift; path = HNetworkLogger.swift; sourceTree = "<group>"; };
		161E40432B0F7B240007D793 /* HEndPointType.swift */ = {isa = PBXFileReference; fileEncoding = 4; lastKnownFileType = sourcecode.swift; path = HEndPointType.swift; sourceTree = "<group>"; };
		161E40442B0F7B240007D793 /* HNetworkError.swift */ = {isa = PBXFileReference; fileEncoding = 4; lastKnownFileType = sourcecode.swift; path = HNetworkError.swift; sourceTree = "<group>"; };
		161E40452B0F7B240007D793 /* HNetworkManager.swift */ = {isa = PBXFileReference; fileEncoding = 4; lastKnownFileType = sourcecode.swift; path = HNetworkManager.swift; sourceTree = "<group>"; };
		161E404F2B0F7C870007D793 /* HConstants.swift */ = {isa = PBXFileReference; fileEncoding = 4; lastKnownFileType = sourcecode.swift; path = HConstants.swift; sourceTree = "<group>"; };
		161E40562B0F84950007D793 /* AuthEndpoint.swift */ = {isa = PBXFileReference; fileEncoding = 4; lastKnownFileType = sourcecode.swift; path = AuthEndpoint.swift; sourceTree = "<group>"; };
		161E40582B0F85010007D793 /* ProfileEndpoint.swift */ = {isa = PBXFileReference; fileEncoding = 4; lastKnownFileType = sourcecode.swift; path = ProfileEndpoint.swift; sourceTree = "<group>"; };
		161E405A2B0F850D0007D793 /* CategoryEndpoint.swift */ = {isa = PBXFileReference; fileEncoding = 4; lastKnownFileType = sourcecode.swift; path = CategoryEndpoint.swift; sourceTree = "<group>"; };
		161E405C2B0F85160007D793 /* BrandBannerEndpoint.swift */ = {isa = PBXFileReference; fileEncoding = 4; lastKnownFileType = sourcecode.swift; path = BrandBannerEndpoint.swift; sourceTree = "<group>"; };
		161E405E2B0F851C0007D793 /* ProductEndpoint.swift */ = {isa = PBXFileReference; fileEncoding = 4; lastKnownFileType = sourcecode.swift; path = ProductEndpoint.swift; sourceTree = "<group>"; };
		161E40612B0F87BE0007D793 /* CodableExt.swift */ = {isa = PBXFileReference; fileEncoding = 4; lastKnownFileType = sourcecode.swift; path = CodableExt.swift; sourceTree = "<group>"; };
		161E40632B0F88370007D793 /* DictionaryExt.swift */ = {isa = PBXFileReference; lastKnownFileType = sourcecode.swift; path = DictionaryExt.swift; sourceTree = "<group>"; };
		161E406A2B0F904F0007D793 /* HomePresenter.swift */ = {isa = PBXFileReference; lastKnownFileType = sourcecode.swift; path = HomePresenter.swift; sourceTree = "<group>"; };
		161E406B2B0F904F0007D793 /* HomeWorker.swift */ = {isa = PBXFileReference; lastKnownFileType = sourcecode.swift; path = HomeWorker.swift; sourceTree = "<group>"; };
		161E406C2B0F904F0007D793 /* HomeRouter.swift */ = {isa = PBXFileReference; lastKnownFileType = sourcecode.swift; path = HomeRouter.swift; sourceTree = "<group>"; };
		161E406D2B0F904F0007D793 /* HomeModels.swift */ = {isa = PBXFileReference; lastKnownFileType = sourcecode.swift; path = HomeModels.swift; sourceTree = "<group>"; };
		161E406E2B0F904F0007D793 /* HomeViewController.swift */ = {isa = PBXFileReference; lastKnownFileType = sourcecode.swift; path = HomeViewController.swift; sourceTree = "<group>"; };
		161E406F2B0F904F0007D793 /* HomeInteractor.swift */ = {isa = PBXFileReference; lastKnownFileType = sourcecode.swift; path = HomeInteractor.swift; sourceTree = "<group>"; };
		161E407A2B0F90800007D793 /* CategoryResponseModel.swift */ = {isa = PBXFileReference; lastKnownFileType = sourcecode.swift; path = CategoryResponseModel.swift; sourceTree = "<group>"; };
		161E407C2B0F91F40007D793 /* MyWalletResponseModel.swift */ = {isa = PBXFileReference; fileEncoding = 4; lastKnownFileType = sourcecode.swift; path = MyWalletResponseModel.swift; sourceTree = "<group>"; };
		161E407E2B0F92060007D793 /* ProductOfferResponseModel.swift */ = {isa = PBXFileReference; fileEncoding = 4; lastKnownFileType = sourcecode.swift; path = ProductOfferResponseModel.swift; sourceTree = "<group>"; };
		161E40802B0F92110007D793 /* BrandBannersResponseModel.swift */ = {isa = PBXFileReference; fileEncoding = 4; lastKnownFileType = sourcecode.swift; path = BrandBannersResponseModel.swift; sourceTree = "<group>"; };
		161E40832B0F9F320007D793 /* ProductModel.swift */ = {isa = PBXFileReference; fileEncoding = 4; lastKnownFileType = sourcecode.swift; path = ProductModel.swift; sourceTree = "<group>"; };
		161E40852B0FA1140007D793 /* ProductDetailResponseModel.swift */ = {isa = PBXFileReference; fileEncoding = 4; lastKnownFileType = sourcecode.swift; path = ProductDetailResponseModel.swift; sourceTree = "<group>"; };
		161E408A2B0FA8820007D793 /* CategoryItemCell.swift */ = {isa = PBXFileReference; lastKnownFileType = sourcecode.swift; path = CategoryItemCell.swift; sourceTree = "<group>"; };
		161E40902B0FAE060007D793 /* UICollectionViewExt.swift */ = {isa = PBXFileReference; lastKnownFileType = sourcecode.swift; path = UICollectionViewExt.swift; sourceTree = "<group>"; };
		161E40922B0FCDDA0007D793 /* UIIMageViewExt.swift */ = {isa = PBXFileReference; lastKnownFileType = sourcecode.swift; path = UIIMageViewExt.swift; sourceTree = "<group>"; };
		161E40942B0FCF4E0007D793 /* Colors.xcassets */ = {isa = PBXFileReference; lastKnownFileType = folder.assetcatalog; path = Colors.xcassets; sourceTree = "<group>"; };
		161E40A02B0FD0890007D793 /* Jost-BoldItalic.ttf */ = {isa = PBXFileReference; lastKnownFileType = file; path = "Jost-BoldItalic.ttf"; sourceTree = "<group>"; };
		161E40A12B0FD0890007D793 /* Jost-Bold.ttf */ = {isa = PBXFileReference; lastKnownFileType = file; path = "Jost-Bold.ttf"; sourceTree = "<group>"; };
		161E40A22B0FD0890007D793 /* Jost-ThinItalic.ttf */ = {isa = PBXFileReference; lastKnownFileType = file; path = "Jost-ThinItalic.ttf"; sourceTree = "<group>"; };
		161E40A32B0FD0890007D793 /* Jost-ExtraLight.ttf */ = {isa = PBXFileReference; lastKnownFileType = file; path = "Jost-ExtraLight.ttf"; sourceTree = "<group>"; };
		161E40A42B0FD0890007D793 /* Jost-BlackItalic.ttf */ = {isa = PBXFileReference; lastKnownFileType = file; path = "Jost-BlackItalic.ttf"; sourceTree = "<group>"; };
		161E40A52B0FD0890007D793 /* Jost-ExtraBoldItalic.ttf */ = {isa = PBXFileReference; lastKnownFileType = file; path = "Jost-ExtraBoldItalic.ttf"; sourceTree = "<group>"; };
		161E40A62B0FD0890007D793 /* Jost-Thin.ttf */ = {isa = PBXFileReference; lastKnownFileType = file; path = "Jost-Thin.ttf"; sourceTree = "<group>"; };
		161E40A72B0FD0890007D793 /* Jost-LightItalic.ttf */ = {isa = PBXFileReference; lastKnownFileType = file; path = "Jost-LightItalic.ttf"; sourceTree = "<group>"; };
		161E40A82B0FD0890007D793 /* Jost-Black.ttf */ = {isa = PBXFileReference; lastKnownFileType = file; path = "Jost-Black.ttf"; sourceTree = "<group>"; };
		161E40A92B0FD0890007D793 /* Jost-ExtraLightItalic.ttf */ = {isa = PBXFileReference; lastKnownFileType = file; path = "Jost-ExtraLightItalic.ttf"; sourceTree = "<group>"; };
		161E40AA2B0FD0890007D793 /* Jost-Medium.ttf */ = {isa = PBXFileReference; lastKnownFileType = file; path = "Jost-Medium.ttf"; sourceTree = "<group>"; };
		161E40AB2B0FD0890007D793 /* Jost-Regular.ttf */ = {isa = PBXFileReference; lastKnownFileType = file; path = "Jost-Regular.ttf"; sourceTree = "<group>"; };
		161E40AC2B0FD0890007D793 /* Jost-ExtraBold.ttf */ = {isa = PBXFileReference; lastKnownFileType = file; path = "Jost-ExtraBold.ttf"; sourceTree = "<group>"; };
		161E40AD2B0FD0890007D793 /* Jost-Light.ttf */ = {isa = PBXFileReference; lastKnownFileType = file; path = "Jost-Light.ttf"; sourceTree = "<group>"; };
		161E40AE2B0FD0890007D793 /* Jost-Italic.ttf */ = {isa = PBXFileReference; lastKnownFileType = file; path = "Jost-Italic.ttf"; sourceTree = "<group>"; };
		161E40AF2B0FD0890007D793 /* Jost-SemiBoldItalic.ttf */ = {isa = PBXFileReference; lastKnownFileType = file; path = "Jost-SemiBoldItalic.ttf"; sourceTree = "<group>"; };
		161E40B02B0FD0890007D793 /* Jost-SemiBold.ttf */ = {isa = PBXFileReference; lastKnownFileType = file; path = "Jost-SemiBold.ttf"; sourceTree = "<group>"; };
		161E40B12B0FD0890007D793 /* Jost-MediumItalic.ttf */ = {isa = PBXFileReference; lastKnownFileType = file; path = "Jost-MediumItalic.ttf"; sourceTree = "<group>"; };
		161E40CB2B0FD6E70007D793 /* UIFontExt.swift */ = {isa = PBXFileReference; lastKnownFileType = sourcecode.swift; path = UIFontExt.swift; sourceTree = "<group>"; };
		161E40CD2B0FDADF0007D793 /* UIColorExt.swift */ = {isa = PBXFileReference; fileEncoding = 4; lastKnownFileType = sourcecode.swift; path = UIColorExt.swift; sourceTree = "<group>"; };
		161E40CF2B0FDD250007D793 /* OfferProductItemCell.swift */ = {isa = PBXFileReference; fileEncoding = 4; lastKnownFileType = sourcecode.swift; path = OfferProductItemCell.swift; sourceTree = "<group>"; };
		161E40D52B1003CB0007D793 /* UIViewExt.swift */ = {isa = PBXFileReference; fileEncoding = 4; lastKnownFileType = sourcecode.swift; path = UIViewExt.swift; sourceTree = "<group>"; };
		161E40D72B1006820007D793 /* BrandBannerItemCell.swift */ = {isa = PBXFileReference; fileEncoding = 4; lastKnownFileType = sourcecode.swift; path = BrandBannerItemCell.swift; sourceTree = "<group>"; };
		1627DA7C2B1358060042FAEF /* ProductNutritionsPresenter.swift */ = {isa = PBXFileReference; lastKnownFileType = sourcecode.swift; path = ProductNutritionsPresenter.swift; sourceTree = "<group>"; };
		1627DA7D2B1358060042FAEF /* ProductNutritionsWorker.swift */ = {isa = PBXFileReference; lastKnownFileType = sourcecode.swift; path = ProductNutritionsWorker.swift; sourceTree = "<group>"; };
		1627DA7E2B1358060042FAEF /* ProductNutritionsRouter.swift */ = {isa = PBXFileReference; lastKnownFileType = sourcecode.swift; path = ProductNutritionsRouter.swift; sourceTree = "<group>"; };
		1627DA7F2B1358060042FAEF /* ProductNutritionsModels.swift */ = {isa = PBXFileReference; lastKnownFileType = sourcecode.swift; path = ProductNutritionsModels.swift; sourceTree = "<group>"; };
		1627DA802B1358060042FAEF /* ProductNutritionsViewController.swift */ = {isa = PBXFileReference; lastKnownFileType = sourcecode.swift; path = ProductNutritionsViewController.swift; sourceTree = "<group>"; };
		1627DA812B1358060042FAEF /* ProductNutritionsInteractor.swift */ = {isa = PBXFileReference; lastKnownFileType = sourcecode.swift; path = ProductNutritionsInteractor.swift; sourceTree = "<group>"; };
		1627DA8B2B135B3F0042FAEF /* ProductNutritionItemCell.swift */ = {isa = PBXFileReference; lastKnownFileType = sourcecode.swift; path = ProductNutritionItemCell.swift; sourceTree = "<group>"; };
		1627DA8D2B135F060042FAEF /* ProductNutritionHeaderView.swift */ = {isa = PBXFileReference; fileEncoding = 4; lastKnownFileType = sourcecode.swift; path = ProductNutritionHeaderView.swift; sourceTree = "<group>"; };
		1627DA8F2B1362D10042FAEF /* ProductNutritionFooterView.swift */ = {isa = PBXFileReference; fileEncoding = 4; lastKnownFileType = sourcecode.swift; path = ProductNutritionFooterView.swift; sourceTree = "<group>"; };
		1627DA912B1366490042FAEF /* HAlert.swift */ = {isa = PBXFileReference; fileEncoding = 4; lastKnownFileType = sourcecode.swift; path = HAlert.swift; sourceTree = "<group>"; };
		1627DA932B1366BE0042FAEF /* UIViewControllerExt.swift */ = {isa = PBXFileReference; lastKnownFileType = sourcecode.swift; path = UIViewControllerExt.swift; sourceTree = "<group>"; };
		1627DA952B136AA80042FAEF /* HRoutingManager.swift */ = {isa = PBXFileReference; fileEncoding = 4; lastKnownFileType = sourcecode.swift; path = HRoutingManager.swift; sourceTree = "<group>"; };
		1627DA972B136FD40042FAEF /* OutlinedButton.swift */ = {isa = PBXFileReference; fileEncoding = 4; lastKnownFileType = sourcecode.swift; path = OutlinedButton.swift; sourceTree = "<group>"; };
		169BC6FD2B12798700348814 /* ProductInfoPresenter.swift */ = {isa = PBXFileReference; lastKnownFileType = sourcecode.swift; path = ProductInfoPresenter.swift; sourceTree = "<group>"; };
		169BC6FE2B12798700348814 /* ProductInfoWorker.swift */ = {isa = PBXFileReference; lastKnownFileType = sourcecode.swift; path = ProductInfoWorker.swift; sourceTree = "<group>"; };
		169BC6FF2B12798700348814 /* ProductInfoRouter.swift */ = {isa = PBXFileReference; lastKnownFileType = sourcecode.swift; path = ProductInfoRouter.swift; sourceTree = "<group>"; };
		169BC7002B12798700348814 /* ProductInfoModels.swift */ = {isa = PBXFileReference; lastKnownFileType = sourcecode.swift; path = ProductInfoModels.swift; sourceTree = "<group>"; };
		169BC7012B12798700348814 /* ProductInfoViewController.swift */ = {isa = PBXFileReference; lastKnownFileType = sourcecode.swift; path = ProductInfoViewController.swift; sourceTree = "<group>"; };
		169BC7022B12798700348814 /* ProductInfoInteractor.swift */ = {isa = PBXFileReference; lastKnownFileType = sourcecode.swift; path = ProductInfoInteractor.swift; sourceTree = "<group>"; };
		169BC70B2B128AA200348814 /* PrimarySegmentedControl.swift */ = {isa = PBXFileReference; fileEncoding = 4; lastKnownFileType = sourcecode.swift; path = PrimarySegmentedControl.swift; sourceTree = "<group>"; };
		169BC70F2B129E7D00348814 /* PanPresentableViewController.swift */ = {isa = PBXFileReference; fileEncoding = 4; lastKnownFileType = sourcecode.swift; path = PanPresentableViewController.swift; sourceTree = "<group>"; };
		16C6A5052B10FA79004ACE5C /* ProductOffersView.swift */ = {isa = PBXFileReference; lastKnownFileType = sourcecode.swift; path = ProductOffersView.swift; sourceTree = "<group>"; };
		16C6A5072B10FB1B004ACE5C /* CategoriesView.swift */ = {isa = PBXFileReference; fileEncoding = 4; lastKnownFileType = sourcecode.swift; path = CategoriesView.swift; sourceTree = "<group>"; };
		16C6A50A2B10FF94004ACE5C /* ViewLifeCycleProtocol.swift */ = {isa = PBXFileReference; lastKnownFileType = sourcecode.swift; path = ViewLifeCycleProtocol.swift; sourceTree = "<group>"; };
		16C6A50C2B1100FD004ACE5C /* IntrinsicCollectionView.swift */ = {isa = PBXFileReference; fileEncoding = 4; lastKnownFileType = sourcecode.swift; path = IntrinsicCollectionView.swift; sourceTree = "<group>"; };
		16C6A50E2B1102B2004ACE5C /* ProductOfferSectionView.swift */ = {isa = PBXFileReference; fileEncoding = 4; lastKnownFileType = sourcecode.swift; path = ProductOfferSectionView.swift; sourceTree = "<group>"; };
		16C6A5152B11096B004ACE5C /* BrandBannersView.swift */ = {isa = PBXFileReference; fileEncoding = 4; lastKnownFileType = sourcecode.swift; path = BrandBannersView.swift; sourceTree = "<group>"; };
		16C6A5172B111E8D004ACE5C /* BaseNavigationController.swift */ = {isa = PBXFileReference; lastKnownFileType = sourcecode.swift; path = BaseNavigationController.swift; sourceTree = "<group>"; };
		16C6A5192B111F1C004ACE5C /* HAppearance.swift */ = {isa = PBXFileReference; fileEncoding = 4; lastKnownFileType = sourcecode.swift; path = HAppearance.swift; sourceTree = "<group>"; };
		16C6A5202B1120AA004ACE5C /* SeeAllCell.swift */ = {isa = PBXFileReference; fileEncoding = 4; lastKnownFileType = sourcecode.swift; path = SeeAllCell.swift; sourceTree = "<group>"; };
		16C6A5222B113AF4004ACE5C /* PriceView.swift */ = {isa = PBXFileReference; lastKnownFileType = sourcecode.swift; path = PriceView.swift; sourceTree = "<group>"; };
		16C6A5242B113F3C004ACE5C /* StringExt.swift */ = {isa = PBXFileReference; lastKnownFileType = sourcecode.swift; path = StringExt.swift; sourceTree = "<group>"; };
		16C6A5272B114B00004ACE5C /* LoginPresenter.swift */ = {isa = PBXFileReference; lastKnownFileType = sourcecode.swift; path = LoginPresenter.swift; sourceTree = "<group>"; };
		16C6A5282B114B00004ACE5C /* LoginWorker.swift */ = {isa = PBXFileReference; lastKnownFileType = sourcecode.swift; path = LoginWorker.swift; sourceTree = "<group>"; };
		16C6A5292B114B00004ACE5C /* LoginRouter.swift */ = {isa = PBXFileReference; lastKnownFileType = sourcecode.swift; path = LoginRouter.swift; sourceTree = "<group>"; };
		16C6A52A2B114B00004ACE5C /* LoginModels.swift */ = {isa = PBXFileReference; lastKnownFileType = sourcecode.swift; path = LoginModels.swift; sourceTree = "<group>"; };
		16C6A52B2B114B00004ACE5C /* LoginViewController.swift */ = {isa = PBXFileReference; lastKnownFileType = sourcecode.swift; path = LoginViewController.swift; sourceTree = "<group>"; };
		16C6A52C2B114B00004ACE5C /* LoginInteractor.swift */ = {isa = PBXFileReference; lastKnownFileType = sourcecode.swift; path = LoginInteractor.swift; sourceTree = "<group>"; };
		16C6A5352B114E50004ACE5C /* BaseViewController.swift */ = {isa = PBXFileReference; lastKnownFileType = sourcecode.swift; path = BaseViewController.swift; sourceTree = "<group>"; };
		16C6A5372B114ED1004ACE5C /* PrimaryButton.swift */ = {isa = PBXFileReference; fileEncoding = 4; lastKnownFileType = sourcecode.swift; path = PrimaryButton.swift; sourceTree = "<group>"; };
		16C6A5392B11527A004ACE5C /* PrimaryTextField.swift */ = {isa = PBXFileReference; fileEncoding = 4; lastKnownFileType = sourcecode.swift; path = PrimaryTextField.swift; sourceTree = "<group>"; };
		16C6A53B2B115760004ACE5C /* UIImageExt.swift */ = {isa = PBXFileReference; lastKnownFileType = sourcecode.swift; path = UIImageExt.swift; sourceTree = "<group>"; };
		16C6A53D2B115AB3004ACE5C /* UITextFieldExt.swift */ = {isa = PBXFileReference; lastKnownFileType = sourcecode.swift; path = UITextFieldExt.swift; sourceTree = "<group>"; };
		16C6A5432B11605B004ACE5C /* LoginResponseModel.swift */ = {isa = PBXFileReference; lastKnownFileType = sourcecode.swift; path = LoginResponseModel.swift; sourceTree = "<group>"; };
		16C6A5482B1161F0004ACE5C /* HKeychainManager.swift */ = {isa = PBXFileReference; fileEncoding = 4; lastKnownFileType = sourcecode.swift; path = HKeychainManager.swift; sourceTree = "<group>"; };
		16C6A54B2B11E582004ACE5C /* AuthView.swift */ = {isa = PBXFileReference; lastKnownFileType = sourcecode.swift; path = AuthView.swift; sourceTree = "<group>"; };
		16C6A54D2B11ED5D004ACE5C /* WalletView.swift */ = {isa = PBXFileReference; fileEncoding = 4; lastKnownFileType = sourcecode.swift; path = WalletView.swift; sourceTree = "<group>"; };
		16C6A5512B12203A004ACE5C /* ProductDetailPresenter.swift */ = {isa = PBXFileReference; lastKnownFileType = sourcecode.swift; path = ProductDetailPresenter.swift; sourceTree = "<group>"; };
		16C6A5522B12203A004ACE5C /* ProductDetailWorker.swift */ = {isa = PBXFileReference; lastKnownFileType = sourcecode.swift; path = ProductDetailWorker.swift; sourceTree = "<group>"; };
		16C6A5532B12203A004ACE5C /* ProductDetailRouter.swift */ = {isa = PBXFileReference; lastKnownFileType = sourcecode.swift; path = ProductDetailRouter.swift; sourceTree = "<group>"; };
		16C6A5542B12203A004ACE5C /* ProductDetailModels.swift */ = {isa = PBXFileReference; lastKnownFileType = sourcecode.swift; path = ProductDetailModels.swift; sourceTree = "<group>"; };
		16C6A5552B12203A004ACE5C /* ProductDetailViewController.swift */ = {isa = PBXFileReference; lastKnownFileType = sourcecode.swift; path = ProductDetailViewController.swift; sourceTree = "<group>"; };
		16C6A5562B12203A004ACE5C /* ProductDetailInteractor.swift */ = {isa = PBXFileReference; lastKnownFileType = sourcecode.swift; path = ProductDetailInteractor.swift; sourceTree = "<group>"; };
		16C6A5602B122515004ACE5C /* ImageCarouselCell.swift */ = {isa = PBXFileReference; lastKnownFileType = sourcecode.swift; path = ImageCarouselCell.swift; sourceTree = "<group>"; };
		16C6A5622B1225EB004ACE5C /* ImageCarouselItemCell.swift */ = {isa = PBXFileReference; fileEncoding = 4; lastKnownFileType = sourcecode.swift; path = ImageCarouselItemCell.swift; sourceTree = "<group>"; };
		16C6A5642B122715004ACE5C /* UITableViewExt.swift */ = {isa = PBXFileReference; fileEncoding = 4; lastKnownFileType = sourcecode.swift; path = UITableViewExt.swift; sourceTree = "<group>"; };
		16C6A5662B125F7F004ACE5C /* PrimaryPageControl.swift */ = {isa = PBXFileReference; lastKnownFileType = sourcecode.swift; path = PrimaryPageControl.swift; sourceTree = "<group>"; };
		16C6A5682B126847004ACE5C /* ProductInfoCell.swift */ = {isa = PBXFileReference; fileEncoding = 4; lastKnownFileType = sourcecode.swift; path = ProductInfoCell.swift; sourceTree = "<group>"; };
		16C6A56A2B12700C004ACE5C /* ProductDetailOptionCell.swift */ = {isa = PBXFileReference; fileEncoding = 4; lastKnownFileType = sourcecode.swift; path = ProductDetailOptionCell.swift; sourceTree = "<group>"; };
		16C6A56C2B1271FC004ACE5C /* BaseTableViewCell.swift */ = {isa = PBXFileReference; lastKnownFileType = sourcecode.swift; path = BaseTableViewCell.swift; sourceTree = "<group>"; };
/* End PBXFileReference section */

/* Begin PBXFrameworksBuildPhase section */
		161E40052B0F60DB0007D793 /* Frameworks */ = {
			isa = PBXFrameworksBuildPhase;
			buildActionMask = 2147483647;
			files = (
				161E40672B0F8FDA0007D793 /* SnapKit in Frameworks */,
				16C6A5412B115DE3004ACE5C /* AnyFormatKit in Frameworks */,
				169BC6FB2B12792C00348814 /* PanModal in Frameworks */,
				161E40552B0F84300007D793 /* Kingfisher in Frameworks */,
				161E403D2B0F78DA0007D793 /* Alamofire in Frameworks */,
				16C6A5472B1161E6004ACE5C /* KeychainAccess in Frameworks */,
			);
			runOnlyForDeploymentPostprocessing = 0;
		};
		161E401B2B0F60DC0007D793 /* Frameworks */ = {
			isa = PBXFrameworksBuildPhase;
			buildActionMask = 2147483647;
			files = (
			);
			runOnlyForDeploymentPostprocessing = 0;
		};
		161E40252B0F60DC0007D793 /* Frameworks */ = {
			isa = PBXFrameworksBuildPhase;
			buildActionMask = 2147483647;
			files = (
			);
			runOnlyForDeploymentPostprocessing = 0;
		};
/* End PBXFrameworksBuildPhase section */

/* Begin PBXGroup section */
		161E3FFF2B0F60DB0007D793 = {
			isa = PBXGroup;
			children = (
				161E400A2B0F60DB0007D793 /* eCommerceDemo */,
				161E40212B0F60DC0007D793 /* eCommerceDemoTests */,
				161E402B2B0F60DC0007D793 /* eCommerceDemoUITests */,
				161E40092B0F60DB0007D793 /* Products */,
			);
			sourceTree = "<group>";
		};
		161E40092B0F60DB0007D793 /* Products */ = {
			isa = PBXGroup;
			children = (
				161E40082B0F60DB0007D793 /* eCommerceDemo.app */,
				161E401E2B0F60DC0007D793 /* eCommerceDemoTests.xctest */,
				161E40282B0F60DC0007D793 /* eCommerceDemoUITests.xctest */,
			);
			name = Products;
			sourceTree = "<group>";
		};
		161E400A2B0F60DB0007D793 /* eCommerceDemo */ = {
			isa = PBXGroup;
			children = (
				161E40972B0FD0660007D793 /* Resources */,
				161E40682B0F90280007D793 /* Scenes */,
				161E40602B0F87B10007D793 /* Extensions */,
				161E404D2B0F7C640007D793 /* Common */,
				161E403E2B0F7A090007D793 /* Network */,
				161E400B2B0F60DB0007D793 /* AppDelegate.swift */,
				161E400D2B0F60DB0007D793 /* SceneDelegate.swift */,
				161E40162B0F60DC0007D793 /* LaunchScreen.storyboard */,
				161E40192B0F60DC0007D793 /* Info.plist */,
			);
			path = eCommerceDemo;
			sourceTree = "<group>";
		};
		161E40212B0F60DC0007D793 /* eCommerceDemoTests */ = {
			isa = PBXGroup;
			children = (
				161E40222B0F60DC0007D793 /* eCommerceDemoTests.swift */,
			);
			path = eCommerceDemoTests;
			sourceTree = "<group>";
		};
		161E402B2B0F60DC0007D793 /* eCommerceDemoUITests */ = {
			isa = PBXGroup;
			children = (
				161E402C2B0F60DC0007D793 /* eCommerceDemoUITests.swift */,
				161E402E2B0F60DC0007D793 /* eCommerceDemoUITestsLaunchTests.swift */,
			);
			path = eCommerceDemoUITests;
			sourceTree = "<group>";
		};
		161E403E2B0F7A090007D793 /* Network */ = {
			isa = PBXGroup;
			children = (
				161E40402B0F7B110007D793 /* Service */,
				161E403F2B0F7A5B0007D793 /* Endpoint */,
			);
			path = Network;
			sourceTree = "<group>";
		};
		161E403F2B0F7A5B0007D793 /* Endpoint */ = {
			isa = PBXGroup;
			children = (
				161E40562B0F84950007D793 /* AuthEndpoint.swift */,
				161E40582B0F85010007D793 /* ProfileEndpoint.swift */,
				161E405A2B0F850D0007D793 /* CategoryEndpoint.swift */,
				161E405C2B0F85160007D793 /* BrandBannerEndpoint.swift */,
				161E405E2B0F851C0007D793 /* ProductEndpoint.swift */,
			);
			path = Endpoint;
			sourceTree = "<group>";
		};
		161E40402B0F7B110007D793 /* Service */ = {
			isa = PBXGroup;
			children = (
				161E40432B0F7B240007D793 /* HEndPointType.swift */,
				161E40442B0F7B240007D793 /* HNetworkError.swift */,
				161E40422B0F7B240007D793 /* HNetworkLogger.swift */,
				161E40452B0F7B240007D793 /* HNetworkManager.swift */,
				161E40412B0F7B240007D793 /* HTTPMethod.swift */,
			);
			path = Service;
			sourceTree = "<group>";
		};
		161E404D2B0F7C640007D793 /* Common */ = {
			isa = PBXGroup;
			children = (
				16C6A51C2B111FAC004ACE5C /* View */,
				16C6A51B2B111FA2004ACE5C /* Utils */,
			);
			path = Common;
			sourceTree = "<group>";
		};
		161E40602B0F87B10007D793 /* Extensions */ = {
			isa = PBXGroup;
			children = (
				161E408F2B0FADF70007D793 /* UIKit */,
				161E40612B0F87BE0007D793 /* CodableExt.swift */,
				161E40632B0F88370007D793 /* DictionaryExt.swift */,
				16C6A5242B113F3C004ACE5C /* StringExt.swift */,
			);
			path = Extensions;
			sourceTree = "<group>";
		};
		161E40682B0F90280007D793 /* Scenes */ = {
			isa = PBXGroup;
			children = (
				16C6A5502B122001004ACE5C /* ProductDetail */,
				16C6A5262B114AF3004ACE5C /* Login */,
				161E40692B0F902F0007D793 /* Home */,
			);
			path = Scenes;
			sourceTree = "<group>";
		};
		161E40692B0F902F0007D793 /* Home */ = {
			isa = PBXGroup;
			children = (
				161E40792B0F906A0007D793 /* Models */,
				161E40782B0F90660007D793 /* Views */,
				161E406A2B0F904F0007D793 /* HomePresenter.swift */,
				161E406B2B0F904F0007D793 /* HomeWorker.swift */,
				161E406C2B0F904F0007D793 /* HomeRouter.swift */,
				161E406D2B0F904F0007D793 /* HomeModels.swift */,
				161E406E2B0F904F0007D793 /* HomeViewController.swift */,
				161E406F2B0F904F0007D793 /* HomeInteractor.swift */,
			);
			path = Home;
			sourceTree = "<group>";
		};
		161E40782B0F90660007D793 /* Views */ = {
			isa = PBXGroup;
			children = (
				16C6A5092B10FB20004ACE5C /* Components */,
			);
			path = Views;
			sourceTree = "<group>";
		};
		161E40792B0F906A0007D793 /* Models */ = {
			isa = PBXGroup;
			children = (
				161E407A2B0F90800007D793 /* CategoryResponseModel.swift */,
				161E407C2B0F91F40007D793 /* MyWalletResponseModel.swift */,
				161E407E2B0F92060007D793 /* ProductOfferResponseModel.swift */,
				161E40802B0F92110007D793 /* BrandBannersResponseModel.swift */,
				161E40832B0F9F320007D793 /* ProductModel.swift */,
				161E40852B0FA1140007D793 /* ProductDetailResponseModel.swift */,
			);
			path = Models;
			sourceTree = "<group>";
		};
		161E408F2B0FADF70007D793 /* UIKit */ = {
			isa = PBXGroup;
			children = (
				161E40902B0FAE060007D793 /* UICollectionViewExt.swift */,
				16C6A5642B122715004ACE5C /* UITableViewExt.swift */,
				161E40922B0FCDDA0007D793 /* UIIMageViewExt.swift */,
				161E40CB2B0FD6E70007D793 /* UIFontExt.swift */,
				161E40CD2B0FDADF0007D793 /* UIColorExt.swift */,
				161E40D52B1003CB0007D793 /* UIViewExt.swift */,
				16C6A53B2B115760004ACE5C /* UIImageExt.swift */,
				16C6A53D2B115AB3004ACE5C /* UITextFieldExt.swift */,
				1627DA932B1366BE0042FAEF /* UIViewControllerExt.swift */,
			);
			path = UIKit;
			sourceTree = "<group>";
		};
		161E40972B0FD0660007D793 /* Resources */ = {
			isa = PBXGroup;
			children = (
				161E409C2B0FD07F0007D793 /* Fonts */,
				161E40142B0F60DC0007D793 /* Assets.xcassets */,
				161E40942B0FCF4E0007D793 /* Colors.xcassets */,
			);
			path = Resources;
			sourceTree = "<group>";
		};
		161E409C2B0FD07F0007D793 /* Fonts */ = {
			isa = PBXGroup;
			children = (
				161E409D2B0FD0890007D793 /* Jost */,
			);
			path = Fonts;
			sourceTree = "<group>";
		};
		161E409D2B0FD0890007D793 /* Jost */ = {
			isa = PBXGroup;
			children = (
				161E40A02B0FD0890007D793 /* Jost-BoldItalic.ttf */,
				161E40A12B0FD0890007D793 /* Jost-Bold.ttf */,
				161E40A22B0FD0890007D793 /* Jost-ThinItalic.ttf */,
				161E40A32B0FD0890007D793 /* Jost-ExtraLight.ttf */,
				161E40A42B0FD0890007D793 /* Jost-BlackItalic.ttf */,
				161E40A52B0FD0890007D793 /* Jost-ExtraBoldItalic.ttf */,
				161E40A62B0FD0890007D793 /* Jost-Thin.ttf */,
				161E40A72B0FD0890007D793 /* Jost-LightItalic.ttf */,
				161E40A82B0FD0890007D793 /* Jost-Black.ttf */,
				161E40A92B0FD0890007D793 /* Jost-ExtraLightItalic.ttf */,
				161E40AA2B0FD0890007D793 /* Jost-Medium.ttf */,
				161E40AB2B0FD0890007D793 /* Jost-Regular.ttf */,
				161E40AC2B0FD0890007D793 /* Jost-ExtraBold.ttf */,
				161E40AD2B0FD0890007D793 /* Jost-Light.ttf */,
				161E40AE2B0FD0890007D793 /* Jost-Italic.ttf */,
				161E40AF2B0FD0890007D793 /* Jost-SemiBoldItalic.ttf */,
				161E40B02B0FD0890007D793 /* Jost-SemiBold.ttf */,
				161E40B12B0FD0890007D793 /* Jost-MediumItalic.ttf */,
			);
			path = Jost;
			sourceTree = "<group>";
		};
		1627DA7A2B1357CB0042FAEF /* ProductInfo */ = {
			isa = PBXGroup;
			children = (
				169BC6FD2B12798700348814 /* ProductInfoPresenter.swift */,
				169BC6FE2B12798700348814 /* ProductInfoWorker.swift */,
				169BC6FF2B12798700348814 /* ProductInfoRouter.swift */,
				169BC7002B12798700348814 /* ProductInfoModels.swift */,
				169BC7012B12798700348814 /* ProductInfoViewController.swift */,
				169BC7022B12798700348814 /* ProductInfoInteractor.swift */,
			);
			path = ProductInfo;
			sourceTree = "<group>";
		};
		1627DA7B2B1357D90042FAEF /* ProductNutiritions */ = {
			isa = PBXGroup;
			children = (
				1627DA8A2B135B1E0042FAEF /* Views */,
				1627DA7C2B1358060042FAEF /* ProductNutritionsPresenter.swift */,
				1627DA7D2B1358060042FAEF /* ProductNutritionsWorker.swift */,
				1627DA7E2B1358060042FAEF /* ProductNutritionsRouter.swift */,
				1627DA7F2B1358060042FAEF /* ProductNutritionsModels.swift */,
				1627DA802B1358060042FAEF /* ProductNutritionsViewController.swift */,
				1627DA812B1358060042FAEF /* ProductNutritionsInteractor.swift */,
			);
			path = ProductNutiritions;
			sourceTree = "<group>";
		};
		1627DA8A2B135B1E0042FAEF /* Views */ = {
			isa = PBXGroup;
			children = (
				1627DA8B2B135B3F0042FAEF /* ProductNutritionItemCell.swift */,
				1627DA8D2B135F060042FAEF /* ProductNutritionHeaderView.swift */,
				1627DA8F2B1362D10042FAEF /* ProductNutritionFooterView.swift */,
			);
			path = Views;
			sourceTree = "<group>";
		};
		169BC6FC2B12797900348814 /* Child */ = {
			isa = PBXGroup;
			children = (
				1627DA7B2B1357D90042FAEF /* ProductNutiritions */,
				1627DA7A2B1357CB0042FAEF /* ProductInfo */,
			);
			path = Child;
			sourceTree = "<group>";
		};
		16C6A5092B10FB20004ACE5C /* Components */ = {
			isa = PBXGroup;
			children = (
				16C6A54F2B11ED62004ACE5C /* WalletView */,
				16C6A54A2B11E577004ACE5C /* AuthView */,
				16C6A5112B110314004ACE5C /* Categories */,
				16C6A5102B11030B004ACE5C /* ProductOffers */,
				16C6A5142B1108D1004ACE5C /* BrandBanners */,
				16C6A50A2B10FF94004ACE5C /* ViewLifeCycleProtocol.swift */,
			);
			path = Components;
			sourceTree = "<group>";
		};
		16C6A5102B11030B004ACE5C /* ProductOffers */ = {
			isa = PBXGroup;
			children = (
				16C6A51F2B11205E004ACE5C /* Views */,
				16C6A5052B10FA79004ACE5C /* ProductOffersView.swift */,
				16C6A50E2B1102B2004ACE5C /* ProductOfferSectionView.swift */,
			);
			path = ProductOffers;
			sourceTree = "<group>";
		};
		16C6A5112B110314004ACE5C /* Categories */ = {
			isa = PBXGroup;
			children = (
				16C6A51E2B112057004ACE5C /* Views */,
				16C6A5072B10FB1B004ACE5C /* CategoriesView.swift */,
			);
			path = Categories;
			sourceTree = "<group>";
		};
		16C6A5142B1108D1004ACE5C /* BrandBanners */ = {
			isa = PBXGroup;
			children = (
				16C6A51D2B11204D004ACE5C /* Views */,
				16C6A5152B11096B004ACE5C /* BrandBannersView.swift */,
			);
			path = BrandBanners;
			sourceTree = "<group>";
		};
		16C6A51B2B111FA2004ACE5C /* Utils */ = {
			isa = PBXGroup;
			children = (
				1627DA912B1366490042FAEF /* HAlert.swift */,
				1627DA952B136AA80042FAEF /* HRoutingManager.swift */,
				161E404F2B0F7C870007D793 /* HConstants.swift */,
				16C6A5192B111F1C004ACE5C /* HAppearance.swift */,
				16C6A5482B1161F0004ACE5C /* HKeychainManager.swift */,
			);
			path = Utils;
			sourceTree = "<group>";
		};
		16C6A51C2B111FAC004ACE5C /* View */ = {
			isa = PBXGroup;
			children = (
				16C6A5392B11527A004ACE5C /* PrimaryTextField.swift */,
				16C6A5372B114ED1004ACE5C /* PrimaryButton.swift */,
				1627DA972B136FD40042FAEF /* OutlinedButton.swift */,
				16C6A50C2B1100FD004ACE5C /* IntrinsicCollectionView.swift */,
				16C6A5172B111E8D004ACE5C /* BaseNavigationController.swift */,
				16C6A5222B113AF4004ACE5C /* PriceView.swift */,
				16C6A5352B114E50004ACE5C /* BaseViewController.swift */,
				16C6A5662B125F7F004ACE5C /* PrimaryPageControl.swift */,
				169BC70B2B128AA200348814 /* PrimarySegmentedControl.swift */,
				16C6A56C2B1271FC004ACE5C /* BaseTableViewCell.swift */,
				169BC70F2B129E7D00348814 /* PanPresentableViewController.swift */,
			);
			path = View;
			sourceTree = "<group>";
		};
		16C6A51D2B11204D004ACE5C /* Views */ = {
			isa = PBXGroup;
			children = (
				161E40D72B1006820007D793 /* BrandBannerItemCell.swift */,
			);
			path = Views;
			sourceTree = "<group>";
		};
		16C6A51E2B112057004ACE5C /* Views */ = {
			isa = PBXGroup;
			children = (
				161E408A2B0FA8820007D793 /* CategoryItemCell.swift */,
			);
			path = Views;
			sourceTree = "<group>";
		};
		16C6A51F2B11205E004ACE5C /* Views */ = {
			isa = PBXGroup;
			children = (
				161E40CF2B0FDD250007D793 /* OfferProductItemCell.swift */,
				16C6A5202B1120AA004ACE5C /* SeeAllCell.swift */,
			);
			path = Views;
			sourceTree = "<group>";
		};
		16C6A5262B114AF3004ACE5C /* Login */ = {
			isa = PBXGroup;
			children = (
				16C6A5422B116048004ACE5C /* Models */,
				16C6A5272B114B00004ACE5C /* LoginPresenter.swift */,
				16C6A5282B114B00004ACE5C /* LoginWorker.swift */,
				16C6A5292B114B00004ACE5C /* LoginRouter.swift */,
				16C6A52A2B114B00004ACE5C /* LoginModels.swift */,
				16C6A52B2B114B00004ACE5C /* LoginViewController.swift */,
				16C6A52C2B114B00004ACE5C /* LoginInteractor.swift */,
			);
			path = Login;
			sourceTree = "<group>";
		};
		16C6A5422B116048004ACE5C /* Models */ = {
			isa = PBXGroup;
			children = (
				16C6A5432B11605B004ACE5C /* LoginResponseModel.swift */,
			);
			path = Models;
			sourceTree = "<group>";
		};
		16C6A54A2B11E577004ACE5C /* AuthView */ = {
			isa = PBXGroup;
			children = (
				16C6A54B2B11E582004ACE5C /* AuthView.swift */,
			);
			path = AuthView;
			sourceTree = "<group>";
		};
		16C6A54F2B11ED62004ACE5C /* WalletView */ = {
			isa = PBXGroup;
			children = (
				16C6A54D2B11ED5D004ACE5C /* WalletView.swift */,
			);
			path = WalletView;
			sourceTree = "<group>";
		};
		16C6A5502B122001004ACE5C /* ProductDetail */ = {
			isa = PBXGroup;
			children = (
				169BC6FC2B12797900348814 /* Child */,
				16C6A55F2B1224F7004ACE5C /* Views */,
				16C6A5512B12203A004ACE5C /* ProductDetailPresenter.swift */,
				16C6A5522B12203A004ACE5C /* ProductDetailWorker.swift */,
				16C6A5532B12203A004ACE5C /* ProductDetailRouter.swift */,
				16C6A5542B12203A004ACE5C /* ProductDetailModels.swift */,
				16C6A5552B12203A004ACE5C /* ProductDetailViewController.swift */,
				16C6A5562B12203A004ACE5C /* ProductDetailInteractor.swift */,
			);
			path = ProductDetail;
			sourceTree = "<group>";
		};
		16C6A55F2B1224F7004ACE5C /* Views */ = {
			isa = PBXGroup;
			children = (
				16C6A5602B122515004ACE5C /* ImageCarouselCell.swift */,
				16C6A5622B1225EB004ACE5C /* ImageCarouselItemCell.swift */,
				16C6A5682B126847004ACE5C /* ProductInfoCell.swift */,
				16C6A56A2B12700C004ACE5C /* ProductDetailOptionCell.swift */,
			);
			path = Views;
			sourceTree = "<group>";
		};
/* End PBXGroup section */

/* Begin PBXNativeTarget section */
		161E40072B0F60DB0007D793 /* eCommerceDemo */ = {
			isa = PBXNativeTarget;
			buildConfigurationList = 161E40322B0F60DC0007D793 /* Build configuration list for PBXNativeTarget "eCommerceDemo" */;
			buildPhases = (
				161E40042B0F60DB0007D793 /* Sources */,
				161E40052B0F60DB0007D793 /* Frameworks */,
				161E40062B0F60DB0007D793 /* Resources */,
			);
			buildRules = (
			);
			dependencies = (
			);
			name = eCommerceDemo;
			packageProductDependencies = (
				161E403C2B0F78DA0007D793 /* Alamofire */,
				161E40542B0F84300007D793 /* Kingfisher */,
				161E40662B0F8FDA0007D793 /* SnapKit */,
				16C6A5402B115DE3004ACE5C /* AnyFormatKit */,
				16C6A5462B1161E6004ACE5C /* KeychainAccess */,
				169BC6FA2B12792C00348814 /* PanModal */,
			);
			productName = eCommerceDemo;
			productReference = 161E40082B0F60DB0007D793 /* eCommerceDemo.app */;
			productType = "com.apple.product-type.application";
		};
		161E401D2B0F60DC0007D793 /* eCommerceDemoTests */ = {
			isa = PBXNativeTarget;
			buildConfigurationList = 161E40352B0F60DC0007D793 /* Build configuration list for PBXNativeTarget "eCommerceDemoTests" */;
			buildPhases = (
				161E401A2B0F60DC0007D793 /* Sources */,
				161E401B2B0F60DC0007D793 /* Frameworks */,
				161E401C2B0F60DC0007D793 /* Resources */,
			);
			buildRules = (
			);
			dependencies = (
				161E40202B0F60DC0007D793 /* PBXTargetDependency */,
			);
			name = eCommerceDemoTests;
			productName = eCommerceDemoTests;
			productReference = 161E401E2B0F60DC0007D793 /* eCommerceDemoTests.xctest */;
			productType = "com.apple.product-type.bundle.unit-test";
		};
		161E40272B0F60DC0007D793 /* eCommerceDemoUITests */ = {
			isa = PBXNativeTarget;
			buildConfigurationList = 161E40382B0F60DC0007D793 /* Build configuration list for PBXNativeTarget "eCommerceDemoUITests" */;
			buildPhases = (
				161E40242B0F60DC0007D793 /* Sources */,
				161E40252B0F60DC0007D793 /* Frameworks */,
				161E40262B0F60DC0007D793 /* Resources */,
			);
			buildRules = (
			);
			dependencies = (
				161E402A2B0F60DC0007D793 /* PBXTargetDependency */,
			);
			name = eCommerceDemoUITests;
			productName = eCommerceDemoUITests;
			productReference = 161E40282B0F60DC0007D793 /* eCommerceDemoUITests.xctest */;
			productType = "com.apple.product-type.bundle.ui-testing";
		};
/* End PBXNativeTarget section */

/* Begin PBXProject section */
		161E40002B0F60DB0007D793 /* Project object */ = {
			isa = PBXProject;
			attributes = {
				BuildIndependentTargetsInParallel = 1;
				LastSwiftUpdateCheck = 1420;
				LastUpgradeCheck = 1420;
				ORGANIZATIONNAME = "Hasan Ali Asan";
				TargetAttributes = {
					161E40072B0F60DB0007D793 = {
						CreatedOnToolsVersion = 14.2;
					};
					161E401D2B0F60DC0007D793 = {
						CreatedOnToolsVersion = 14.2;
						TestTargetID = 161E40072B0F60DB0007D793;
					};
					161E40272B0F60DC0007D793 = {
						CreatedOnToolsVersion = 14.2;
						TestTargetID = 161E40072B0F60DB0007D793;
					};
				};
			};
			buildConfigurationList = 161E40032B0F60DB0007D793 /* Build configuration list for PBXProject "eCommerceDemo" */;
			compatibilityVersion = "Xcode 14.0";
			developmentRegion = en;
			hasScannedForEncodings = 0;
			knownRegions = (
				en,
				Base,
			);
			mainGroup = 161E3FFF2B0F60DB0007D793;
			packageReferences = (
				161E403B2B0F78DA0007D793 /* XCRemoteSwiftPackageReference "Alamofire" */,
				161E40532B0F84300007D793 /* XCRemoteSwiftPackageReference "Kingfisher" */,
				161E40652B0F8FDA0007D793 /* XCRemoteSwiftPackageReference "SnapKit" */,
				16C6A53F2B115DE3004ACE5C /* XCRemoteSwiftPackageReference "AnyFormatKit" */,
				16C6A5452B1161E5004ACE5C /* XCRemoteSwiftPackageReference "KeychainAccess" */,
				169BC6F92B12792C00348814 /* XCRemoteSwiftPackageReference "PanModal" */,
			);
			productRefGroup = 161E40092B0F60DB0007D793 /* Products */;
			projectDirPath = "";
			projectRoot = "";
			targets = (
				161E40072B0F60DB0007D793 /* eCommerceDemo */,
				161E401D2B0F60DC0007D793 /* eCommerceDemoTests */,
				161E40272B0F60DC0007D793 /* eCommerceDemoUITests */,
			);
		};
/* End PBXProject section */

/* Begin PBXResourcesBuildPhase section */
		161E40062B0F60DB0007D793 /* Resources */ = {
			isa = PBXResourcesBuildPhase;
			buildActionMask = 2147483647;
			files = (
				161E40B92B0FD0890007D793 /* Jost-ExtraLight.ttf in Resources */,
				161E40952B0FCF4E0007D793 /* Colors.xcassets in Resources */,
				161E40BF2B0FD0890007D793 /* Jost-ExtraLightItalic.ttf in Resources */,
				161E40C02B0FD0890007D793 /* Jost-Medium.ttf in Resources */,
				161E40BB2B0FD0890007D793 /* Jost-ExtraBoldItalic.ttf in Resources */,
				161E40C52B0FD0890007D793 /* Jost-SemiBoldItalic.ttf in Resources */,
				161E40BD2B0FD0890007D793 /* Jost-LightItalic.ttf in Resources */,
				161E40BE2B0FD0890007D793 /* Jost-Black.ttf in Resources */,
				161E40C72B0FD0890007D793 /* Jost-MediumItalic.ttf in Resources */,
				161E40B82B0FD0890007D793 /* Jost-ThinItalic.ttf in Resources */,
				161E40C32B0FD0890007D793 /* Jost-Light.ttf in Resources */,
				161E40C42B0FD0890007D793 /* Jost-Italic.ttf in Resources */,
				161E40B62B0FD0890007D793 /* Jost-BoldItalic.ttf in Resources */,
				161E40B72B0FD0890007D793 /* Jost-Bold.ttf in Resources */,
				161E40C12B0FD0890007D793 /* Jost-Regular.ttf in Resources */,
				161E40182B0F60DC0007D793 /* LaunchScreen.storyboard in Resources */,
				161E40BC2B0FD0890007D793 /* Jost-Thin.ttf in Resources */,
				161E40C22B0FD0890007D793 /* Jost-ExtraBold.ttf in Resources */,
				161E40BA2B0FD0890007D793 /* Jost-BlackItalic.ttf in Resources */,
				161E40152B0F60DC0007D793 /* Assets.xcassets in Resources */,
				161E40C62B0FD0890007D793 /* Jost-SemiBold.ttf in Resources */,
			);
			runOnlyForDeploymentPostprocessing = 0;
		};
		161E401C2B0F60DC0007D793 /* Resources */ = {
			isa = PBXResourcesBuildPhase;
			buildActionMask = 2147483647;
			files = (
			);
			runOnlyForDeploymentPostprocessing = 0;
		};
		161E40262B0F60DC0007D793 /* Resources */ = {
			isa = PBXResourcesBuildPhase;
			buildActionMask = 2147483647;
			files = (
			);
			runOnlyForDeploymentPostprocessing = 0;
		};
/* End PBXResourcesBuildPhase section */

/* Begin PBXSourcesBuildPhase section */
		161E40042B0F60DB0007D793 /* Sources */ = {
			isa = PBXSourcesBuildPhase;
			buildActionMask = 2147483647;
			files = (
				16C6A53E2B115AB3004ACE5C /* UITextFieldExt.swift in Sources */,
				16C6A55B2B12203A004ACE5C /* ProductDetailModels.swift in Sources */,
				169BC7102B129E7D00348814 /* PanPresentableViewController.swift in Sources */,
				16C6A5182B111E8D004ACE5C /* BaseNavigationController.swift in Sources */,
				16C6A5212B1120AA004ACE5C /* SeeAllCell.swift in Sources */,
				161E405B2B0F850D0007D793 /* CategoryEndpoint.swift in Sources */,
				161E40762B0F904F0007D793 /* HomeInteractor.swift in Sources */,
				161E405D2B0F85160007D793 /* BrandBannerEndpoint.swift in Sources */,
				1627DA8C2B135B3F0042FAEF /* ProductNutritionItemCell.swift in Sources */,
				1627DA842B1358060042FAEF /* ProductNutritionsWorker.swift in Sources */,
				16C6A50F2B1102B2004ACE5C /* ProductOfferSectionView.swift in Sources */,
				161E407B2B0F90800007D793 /* CategoryResponseModel.swift in Sources */,
				161E40842B0F9F320007D793 /* ProductModel.swift in Sources */,
				16C6A5082B10FB1B004ACE5C /* CategoriesView.swift in Sources */,
				1627DA882B1358060042FAEF /* ProductNutritionsInteractor.swift in Sources */,
				161E40CE2B0FDADF0007D793 /* UIColorExt.swift in Sources */,
				16C6A54E2B11ED5D004ACE5C /* WalletView.swift in Sources */,
				161E405F2B0F851C0007D793 /* ProductEndpoint.swift in Sources */,
				1627DA902B1362D10042FAEF /* ProductNutritionFooterView.swift in Sources */,
				16C6A5312B114B00004ACE5C /* LoginModels.swift in Sources */,
				161E40862B0FA1140007D793 /* ProductDetailResponseModel.swift in Sources */,
				161E404A2B0F7B240007D793 /* HNetworkError.swift in Sources */,
				16C6A5652B122715004ACE5C /* UITableViewExt.swift in Sources */,
				1627DA8E2B135F060042FAEF /* ProductNutritionHeaderView.swift in Sources */,
				161E40732B0F904F0007D793 /* HomeRouter.swift in Sources */,
				16C6A5362B114E50004ACE5C /* BaseViewController.swift in Sources */,
				16C6A50B2B10FF94004ACE5C /* ViewLifeCycleProtocol.swift in Sources */,
				161E40752B0F904F0007D793 /* HomeViewController.swift in Sources */,
				16C6A56D2B1271FC004ACE5C /* BaseTableViewCell.swift in Sources */,
				1627DA962B136AA80042FAEF /* HRoutingManager.swift in Sources */,
				161E40622B0F87BE0007D793 /* CodableExt.swift in Sources */,
				161E40D62B1003CB0007D793 /* UIViewExt.swift in Sources */,
				161E408B2B0FA8820007D793 /* CategoryItemCell.swift in Sources */,
				161E40642B0F88370007D793 /* DictionaryExt.swift in Sources */,
				161E40592B0F85010007D793 /* ProfileEndpoint.swift in Sources */,
				161E40482B0F7B240007D793 /* HNetworkLogger.swift in Sources */,
				161E40502B0F7C870007D793 /* HConstants.swift in Sources */,
				16C6A55D2B12203A004ACE5C /* ProductDetailInteractor.swift in Sources */,
				16C6A54C2B11E582004ACE5C /* AuthView.swift in Sources */,
				16C6A5672B125F7F004ACE5C /* PrimaryPageControl.swift in Sources */,
				16C6A55C2B12203A004ACE5C /* ProductDetailViewController.swift in Sources */,
				161E40D82B1006820007D793 /* BrandBannerItemCell.swift in Sources */,
				161E40472B0F7B240007D793 /* HTTPMethod.swift in Sources */,
				1627DA832B1358060042FAEF /* ProductNutritionsPresenter.swift in Sources */,
				1627DA922B1366490042FAEF /* HAlert.swift in Sources */,
				161E40812B0F92110007D793 /* BrandBannersResponseModel.swift in Sources */,
				161E40722B0F904F0007D793 /* HomeWorker.swift in Sources */,
				16C6A5692B126847004ACE5C /* ProductInfoCell.swift in Sources */,
				161E40712B0F904F0007D793 /* HomePresenter.swift in Sources */,
				1627DA942B1366BE0042FAEF /* UIViewControllerExt.swift in Sources */,
				169BC7042B12798700348814 /* ProductInfoPresenter.swift in Sources */,
				16C6A5232B113AF4004ACE5C /* PriceView.swift in Sources */,
				16C6A5592B12203A004ACE5C /* ProductDetailWorker.swift in Sources */,
				16C6A5382B114ED1004ACE5C /* PrimaryButton.swift in Sources */,
				16C6A5322B114B00004ACE5C /* LoginViewController.swift in Sources */,
				169BC7062B12798700348814 /* ProductInfoRouter.swift in Sources */,
				161E40CC2B0FD6E70007D793 /* UIFontExt.swift in Sources */,
				16C6A5582B12203A004ACE5C /* ProductDetailPresenter.swift in Sources */,
				16C6A5632B1225EB004ACE5C /* ImageCarouselItemCell.swift in Sources */,
				161E40492B0F7B240007D793 /* HEndPointType.swift in Sources */,
				161E404B2B0F7B240007D793 /* HNetworkManager.swift in Sources */,
				16C6A55A2B12203A004ACE5C /* ProductDetailRouter.swift in Sources */,
				1627DA852B1358060042FAEF /* ProductNutritionsRouter.swift in Sources */,
				16C6A5062B10FA79004ACE5C /* ProductOffersView.swift in Sources */,
				16C6A53C2B115760004ACE5C /* UIImageExt.swift in Sources */,
				1627DA862B1358060042FAEF /* ProductNutritionsModels.swift in Sources */,
				169BC7082B12798700348814 /* ProductInfoViewController.swift in Sources */,
				1627DA872B1358060042FAEF /* ProductNutritionsViewController.swift in Sources */,
				161E40742B0F904F0007D793 /* HomeModels.swift in Sources */,
				16C6A5332B114B00004ACE5C /* LoginInteractor.swift in Sources */,
				161E400C2B0F60DB0007D793 /* AppDelegate.swift in Sources */,
				161E40D02B0FDD250007D793 /* OfferProductItemCell.swift in Sources */,
				16C6A52E2B114B00004ACE5C /* LoginPresenter.swift in Sources */,
				16C6A56B2B12700C004ACE5C /* ProductDetailOptionCell.swift in Sources */,
				16C6A50D2B1100FD004ACE5C /* IntrinsicCollectionView.swift in Sources */,
				169BC7092B12798700348814 /* ProductInfoInteractor.swift in Sources */,
				16C6A5492B1161F0004ACE5C /* HKeychainManager.swift in Sources */,
				169BC70C2B128AA200348814 /* PrimarySegmentedControl.swift in Sources */,
				161E407D2B0F91F40007D793 /* MyWalletResponseModel.swift in Sources */,
				161E40912B0FAE060007D793 /* UICollectionViewExt.swift in Sources */,
				16C6A5302B114B00004ACE5C /* LoginRouter.swift in Sources */,
				161E40932B0FCDDA0007D793 /* UIIMageViewExt.swift in Sources */,
				16C6A5252B113F3C004ACE5C /* StringExt.swift in Sources */,
				169BC7072B12798700348814 /* ProductInfoModels.swift in Sources */,
				16C6A5612B122515004ACE5C /* ImageCarouselCell.swift in Sources */,
				1627DA982B136FD40042FAEF /* OutlinedButton.swift in Sources */,
				16C6A5442B11605B004ACE5C /* LoginResponseModel.swift in Sources */,
				16C6A53A2B11527A004ACE5C /* PrimaryTextField.swift in Sources */,
				169BC7052B12798700348814 /* ProductInfoWorker.swift in Sources */,
				16C6A5162B11096B004ACE5C /* BrandBannersView.swift in Sources */,
				161E407F2B0F92060007D793 /* ProductOfferResponseModel.swift in Sources */,
				161E40572B0F84950007D793 /* AuthEndpoint.swift in Sources */,
				161E400E2B0F60DB0007D793 /* SceneDelegate.swift in Sources */,
				16C6A51A2B111F1C004ACE5C /* HAppearance.swift in Sources */,
				16C6A52F2B114B00004ACE5C /* LoginWorker.swift in Sources */,
			);
			runOnlyForDeploymentPostprocessing = 0;
		};
		161E401A2B0F60DC0007D793 /* Sources */ = {
			isa = PBXSourcesBuildPhase;
			buildActionMask = 2147483647;
			files = (
				161E40232B0F60DC0007D793 /* eCommerceDemoTests.swift in Sources */,
			);
			runOnlyForDeploymentPostprocessing = 0;
		};
		161E40242B0F60DC0007D793 /* Sources */ = {
			isa = PBXSourcesBuildPhase;
			buildActionMask = 2147483647;
			files = (
				161E402F2B0F60DC0007D793 /* eCommerceDemoUITestsLaunchTests.swift in Sources */,
				161E402D2B0F60DC0007D793 /* eCommerceDemoUITests.swift in Sources */,
			);
			runOnlyForDeploymentPostprocessing = 0;
		};
/* End PBXSourcesBuildPhase section */

/* Begin PBXTargetDependency section */
		161E40202B0F60DC0007D793 /* PBXTargetDependency */ = {
			isa = PBXTargetDependency;
			target = 161E40072B0F60DB0007D793 /* eCommerceDemo */;
			targetProxy = 161E401F2B0F60DC0007D793 /* PBXContainerItemProxy */;
		};
		161E402A2B0F60DC0007D793 /* PBXTargetDependency */ = {
			isa = PBXTargetDependency;
			target = 161E40072B0F60DB0007D793 /* eCommerceDemo */;
			targetProxy = 161E40292B0F60DC0007D793 /* PBXContainerItemProxy */;
		};
/* End PBXTargetDependency section */

/* Begin PBXVariantGroup section */
		161E40162B0F60DC0007D793 /* LaunchScreen.storyboard */ = {
			isa = PBXVariantGroup;
			children = (
				161E40172B0F60DC0007D793 /* Base */,
			);
			name = LaunchScreen.storyboard;
			sourceTree = "<group>";
		};
/* End PBXVariantGroup section */

/* Begin XCBuildConfiguration section */
		161E40302B0F60DC0007D793 /* Debug */ = {
			isa = XCBuildConfiguration;
			buildSettings = {
				ALWAYS_SEARCH_USER_PATHS = NO;
				CLANG_ANALYZER_NONNULL = YES;
				CLANG_ANALYZER_NUMBER_OBJECT_CONVERSION = YES_AGGRESSIVE;
				CLANG_CXX_LANGUAGE_STANDARD = "gnu++20";
				CLANG_ENABLE_MODULES = YES;
				CLANG_ENABLE_OBJC_ARC = YES;
				CLANG_ENABLE_OBJC_WEAK = YES;
				CLANG_WARN_BLOCK_CAPTURE_AUTORELEASING = YES;
				CLANG_WARN_BOOL_CONVERSION = YES;
				CLANG_WARN_COMMA = YES;
				CLANG_WARN_CONSTANT_CONVERSION = YES;
				CLANG_WARN_DEPRECATED_OBJC_IMPLEMENTATIONS = YES;
				CLANG_WARN_DIRECT_OBJC_ISA_USAGE = YES_ERROR;
				CLANG_WARN_DOCUMENTATION_COMMENTS = YES;
				CLANG_WARN_EMPTY_BODY = YES;
				CLANG_WARN_ENUM_CONVERSION = YES;
				CLANG_WARN_INFINITE_RECURSION = YES;
				CLANG_WARN_INT_CONVERSION = YES;
				CLANG_WARN_NON_LITERAL_NULL_CONVERSION = YES;
				CLANG_WARN_OBJC_IMPLICIT_RETAIN_SELF = YES;
				CLANG_WARN_OBJC_LITERAL_CONVERSION = YES;
				CLANG_WARN_OBJC_ROOT_CLASS = YES_ERROR;
				CLANG_WARN_QUOTED_INCLUDE_IN_FRAMEWORK_HEADER = YES;
				CLANG_WARN_RANGE_LOOP_ANALYSIS = YES;
				CLANG_WARN_STRICT_PROTOTYPES = YES;
				CLANG_WARN_SUSPICIOUS_MOVE = YES;
				CLANG_WARN_UNGUARDED_AVAILABILITY = YES_AGGRESSIVE;
				CLANG_WARN_UNREACHABLE_CODE = YES;
				CLANG_WARN__DUPLICATE_METHOD_MATCH = YES;
				COPY_PHASE_STRIP = NO;
				DEBUG_INFORMATION_FORMAT = dwarf;
				ENABLE_STRICT_OBJC_MSGSEND = YES;
				ENABLE_TESTABILITY = YES;
				GCC_C_LANGUAGE_STANDARD = gnu11;
				GCC_DYNAMIC_NO_PIC = NO;
				GCC_NO_COMMON_BLOCKS = YES;
				GCC_OPTIMIZATION_LEVEL = 0;
				GCC_PREPROCESSOR_DEFINITIONS = (
					"DEBUG=1",
					"$(inherited)",
				);
				GCC_WARN_64_TO_32_BIT_CONVERSION = YES;
				GCC_WARN_ABOUT_RETURN_TYPE = YES_ERROR;
				GCC_WARN_UNDECLARED_SELECTOR = YES;
				GCC_WARN_UNINITIALIZED_AUTOS = YES_AGGRESSIVE;
				GCC_WARN_UNUSED_FUNCTION = YES;
				GCC_WARN_UNUSED_VARIABLE = YES;
				IPHONEOS_DEPLOYMENT_TARGET = 16.2;
				MTL_ENABLE_DEBUG_INFO = INCLUDE_SOURCE;
				MTL_FAST_MATH = YES;
				ONLY_ACTIVE_ARCH = YES;
				SDKROOT = iphoneos;
				SWIFT_ACTIVE_COMPILATION_CONDITIONS = DEBUG;
				SWIFT_OPTIMIZATION_LEVEL = "-Onone";
			};
			name = Debug;
		};
		161E40312B0F60DC0007D793 /* Release */ = {
			isa = XCBuildConfiguration;
			buildSettings = {
				ALWAYS_SEARCH_USER_PATHS = NO;
				CLANG_ANALYZER_NONNULL = YES;
				CLANG_ANALYZER_NUMBER_OBJECT_CONVERSION = YES_AGGRESSIVE;
				CLANG_CXX_LANGUAGE_STANDARD = "gnu++20";
				CLANG_ENABLE_MODULES = YES;
				CLANG_ENABLE_OBJC_ARC = YES;
				CLANG_ENABLE_OBJC_WEAK = YES;
				CLANG_WARN_BLOCK_CAPTURE_AUTORELEASING = YES;
				CLANG_WARN_BOOL_CONVERSION = YES;
				CLANG_WARN_COMMA = YES;
				CLANG_WARN_CONSTANT_CONVERSION = YES;
				CLANG_WARN_DEPRECATED_OBJC_IMPLEMENTATIONS = YES;
				CLANG_WARN_DIRECT_OBJC_ISA_USAGE = YES_ERROR;
				CLANG_WARN_DOCUMENTATION_COMMENTS = YES;
				CLANG_WARN_EMPTY_BODY = YES;
				CLANG_WARN_ENUM_CONVERSION = YES;
				CLANG_WARN_INFINITE_RECURSION = YES;
				CLANG_WARN_INT_CONVERSION = YES;
				CLANG_WARN_NON_LITERAL_NULL_CONVERSION = YES;
				CLANG_WARN_OBJC_IMPLICIT_RETAIN_SELF = YES;
				CLANG_WARN_OBJC_LITERAL_CONVERSION = YES;
				CLANG_WARN_OBJC_ROOT_CLASS = YES_ERROR;
				CLANG_WARN_QUOTED_INCLUDE_IN_FRAMEWORK_HEADER = YES;
				CLANG_WARN_RANGE_LOOP_ANALYSIS = YES;
				CLANG_WARN_STRICT_PROTOTYPES = YES;
				CLANG_WARN_SUSPICIOUS_MOVE = YES;
				CLANG_WARN_UNGUARDED_AVAILABILITY = YES_AGGRESSIVE;
				CLANG_WARN_UNREACHABLE_CODE = YES;
				CLANG_WARN__DUPLICATE_METHOD_MATCH = YES;
				COPY_PHASE_STRIP = NO;
				DEBUG_INFORMATION_FORMAT = "dwarf-with-dsym";
				ENABLE_NS_ASSERTIONS = NO;
				ENABLE_STRICT_OBJC_MSGSEND = YES;
				GCC_C_LANGUAGE_STANDARD = gnu11;
				GCC_NO_COMMON_BLOCKS = YES;
				GCC_WARN_64_TO_32_BIT_CONVERSION = YES;
				GCC_WARN_ABOUT_RETURN_TYPE = YES_ERROR;
				GCC_WARN_UNDECLARED_SELECTOR = YES;
				GCC_WARN_UNINITIALIZED_AUTOS = YES_AGGRESSIVE;
				GCC_WARN_UNUSED_FUNCTION = YES;
				GCC_WARN_UNUSED_VARIABLE = YES;
				IPHONEOS_DEPLOYMENT_TARGET = 16.2;
				MTL_ENABLE_DEBUG_INFO = NO;
				MTL_FAST_MATH = YES;
				SDKROOT = iphoneos;
				SWIFT_COMPILATION_MODE = wholemodule;
				SWIFT_OPTIMIZATION_LEVEL = "-O";
				VALIDATE_PRODUCT = YES;
			};
			name = Release;
		};
		161E40332B0F60DC0007D793 /* Debug */ = {
			isa = XCBuildConfiguration;
			buildSettings = {
				ASSETCATALOG_COMPILER_APPICON_NAME = AppIcon;
				ASSETCATALOG_COMPILER_GLOBAL_ACCENT_COLOR_NAME = AccentColor;
				CODE_SIGN_STYLE = Automatic;
				CURRENT_PROJECT_VERSION = 1;
				DEVELOPMENT_TEAM = KU4SY95DK5;
				GENERATE_INFOPLIST_FILE = YES;
				INFOPLIST_FILE = eCommerceDemo/Info.plist;
				INFOPLIST_KEY_UIApplicationSupportsIndirectInputEvents = YES;
				INFOPLIST_KEY_UILaunchStoryboardName = LaunchScreen;
				INFOPLIST_KEY_UIMainStoryboardFile = "";
				INFOPLIST_KEY_UISupportedInterfaceOrientations = UIInterfaceOrientationPortrait;
				INFOPLIST_KEY_UIUserInterfaceStyle = Light;
				IPHONEOS_DEPLOYMENT_TARGET = 13.0;
				LD_RUNPATH_SEARCH_PATHS = (
					"$(inherited)",
					"@executable_path/Frameworks",
				);
				MARKETING_VERSION = 1.0;
				PRODUCT_BUNDLE_IDENTIFIER = com.hasanlsn.eCommerceDemo;
				PRODUCT_NAME = "$(TARGET_NAME)";
				SWIFT_EMIT_LOC_STRINGS = YES;
				SWIFT_VERSION = 5.0;
				TARGETED_DEVICE_FAMILY = "1,2";
			};
			name = Debug;
		};
		161E40342B0F60DC0007D793 /* Release */ = {
			isa = XCBuildConfiguration;
			buildSettings = {
				ASSETCATALOG_COMPILER_APPICON_NAME = AppIcon;
				ASSETCATALOG_COMPILER_GLOBAL_ACCENT_COLOR_NAME = AccentColor;
				CODE_SIGN_STYLE = Automatic;
				CURRENT_PROJECT_VERSION = 1;
				DEVELOPMENT_TEAM = KU4SY95DK5;
				GENERATE_INFOPLIST_FILE = YES;
				INFOPLIST_FILE = eCommerceDemo/Info.plist;
				INFOPLIST_KEY_UIApplicationSupportsIndirectInputEvents = YES;
				INFOPLIST_KEY_UILaunchStoryboardName = LaunchScreen;
				INFOPLIST_KEY_UIMainStoryboardFile = "";
				INFOPLIST_KEY_UISupportedInterfaceOrientations = UIInterfaceOrientationPortrait;
				INFOPLIST_KEY_UIUserInterfaceStyle = Light;
				IPHONEOS_DEPLOYMENT_TARGET = 13.0;
				LD_RUNPATH_SEARCH_PATHS = (
					"$(inherited)",
					"@executable_path/Frameworks",
				);
				MARKETING_VERSION = 1.0;
				PRODUCT_BUNDLE_IDENTIFIER = com.hasanlsn.eCommerceDemo;
				PRODUCT_NAME = "$(TARGET_NAME)";
				SWIFT_EMIT_LOC_STRINGS = YES;
				SWIFT_VERSION = 5.0;
				TARGETED_DEVICE_FAMILY = "1,2";
			};
			name = Release;
		};
		161E40362B0F60DC0007D793 /* Debug */ = {
			isa = XCBuildConfiguration;
			buildSettings = {
				ALWAYS_EMBED_SWIFT_STANDARD_LIBRARIES = YES;
				BUNDLE_LOADER = "$(TEST_HOST)";
				CODE_SIGN_STYLE = Automatic;
				CURRENT_PROJECT_VERSION = 1;
				DEVELOPMENT_TEAM = KU4SY95DK5;
				GENERATE_INFOPLIST_FILE = YES;
				IPHONEOS_DEPLOYMENT_TARGET = 16.2;
				MARKETING_VERSION = 1.0;
				PRODUCT_BUNDLE_IDENTIFIER = com.hasanlsn.eCommerceDemoTests;
				PRODUCT_NAME = "$(TARGET_NAME)";
				SWIFT_EMIT_LOC_STRINGS = NO;
				SWIFT_VERSION = 5.0;
				TARGETED_DEVICE_FAMILY = "1,2";
				TEST_HOST = "$(BUILT_PRODUCTS_DIR)/eCommerceDemo.app/$(BUNDLE_EXECUTABLE_FOLDER_PATH)/eCommerceDemo";
			};
			name = Debug;
		};
		161E40372B0F60DC0007D793 /* Release */ = {
			isa = XCBuildConfiguration;
			buildSettings = {
				ALWAYS_EMBED_SWIFT_STANDARD_LIBRARIES = YES;
				BUNDLE_LOADER = "$(TEST_HOST)";
				CODE_SIGN_STYLE = Automatic;
				CURRENT_PROJECT_VERSION = 1;
				DEVELOPMENT_TEAM = KU4SY95DK5;
				GENERATE_INFOPLIST_FILE = YES;
				IPHONEOS_DEPLOYMENT_TARGET = 16.2;
				MARKETING_VERSION = 1.0;
				PRODUCT_BUNDLE_IDENTIFIER = com.hasanlsn.eCommerceDemoTests;
				PRODUCT_NAME = "$(TARGET_NAME)";
				SWIFT_EMIT_LOC_STRINGS = NO;
				SWIFT_VERSION = 5.0;
				TARGETED_DEVICE_FAMILY = "1,2";
				TEST_HOST = "$(BUILT_PRODUCTS_DIR)/eCommerceDemo.app/$(BUNDLE_EXECUTABLE_FOLDER_PATH)/eCommerceDemo";
			};
			name = Release;
		};
		161E40392B0F60DC0007D793 /* Debug */ = {
			isa = XCBuildConfiguration;
			buildSettings = {
				ALWAYS_EMBED_SWIFT_STANDARD_LIBRARIES = YES;
				CODE_SIGN_STYLE = Automatic;
				CURRENT_PROJECT_VERSION = 1;
				DEVELOPMENT_TEAM = KU4SY95DK5;
				GENERATE_INFOPLIST_FILE = YES;
				MARKETING_VERSION = 1.0;
				PRODUCT_BUNDLE_IDENTIFIER = com.hasanlsn.eCommerceDemoUITests;
				PRODUCT_NAME = "$(TARGET_NAME)";
				SWIFT_EMIT_LOC_STRINGS = NO;
				SWIFT_VERSION = 5.0;
				TARGETED_DEVICE_FAMILY = "1,2";
				TEST_TARGET_NAME = eCommerceDemo;
			};
			name = Debug;
		};
		161E403A2B0F60DC0007D793 /* Release */ = {
			isa = XCBuildConfiguration;
			buildSettings = {
				ALWAYS_EMBED_SWIFT_STANDARD_LIBRARIES = YES;
				CODE_SIGN_STYLE = Automatic;
				CURRENT_PROJECT_VERSION = 1;
				DEVELOPMENT_TEAM = KU4SY95DK5;
				GENERATE_INFOPLIST_FILE = YES;
				MARKETING_VERSION = 1.0;
				PRODUCT_BUNDLE_IDENTIFIER = com.hasanlsn.eCommerceDemoUITests;
				PRODUCT_NAME = "$(TARGET_NAME)";
				SWIFT_EMIT_LOC_STRINGS = NO;
				SWIFT_VERSION = 5.0;
				TARGETED_DEVICE_FAMILY = "1,2";
				TEST_TARGET_NAME = eCommerceDemo;
			};
			name = Release;
		};
/* End XCBuildConfiguration section */

/* Begin XCConfigurationList section */
		161E40032B0F60DB0007D793 /* Build configuration list for PBXProject "eCommerceDemo" */ = {
			isa = XCConfigurationList;
			buildConfigurations = (
				161E40302B0F60DC0007D793 /* Debug */,
				161E40312B0F60DC0007D793 /* Release */,
			);
			defaultConfigurationIsVisible = 0;
			defaultConfigurationName = Release;
		};
		161E40322B0F60DC0007D793 /* Build configuration list for PBXNativeTarget "eCommerceDemo" */ = {
			isa = XCConfigurationList;
			buildConfigurations = (
				161E40332B0F60DC0007D793 /* Debug */,
				161E40342B0F60DC0007D793 /* Release */,
			);
			defaultConfigurationIsVisible = 0;
			defaultConfigurationName = Release;
		};
		161E40352B0F60DC0007D793 /* Build configuration list for PBXNativeTarget "eCommerceDemoTests" */ = {
			isa = XCConfigurationList;
			buildConfigurations = (
				161E40362B0F60DC0007D793 /* Debug */,
				161E40372B0F60DC0007D793 /* Release */,
			);
			defaultConfigurationIsVisible = 0;
			defaultConfigurationName = Release;
		};
		161E40382B0F60DC0007D793 /* Build configuration list for PBXNativeTarget "eCommerceDemoUITests" */ = {
			isa = XCConfigurationList;
			buildConfigurations = (
				161E40392B0F60DC0007D793 /* Debug */,
				161E403A2B0F60DC0007D793 /* Release */,
			);
			defaultConfigurationIsVisible = 0;
			defaultConfigurationName = Release;
		};
/* End XCConfigurationList section */

/* Begin XCRemoteSwiftPackageReference section */
		161E403B2B0F78DA0007D793 /* XCRemoteSwiftPackageReference "Alamofire" */ = {
			isa = XCRemoteSwiftPackageReference;
			repositoryURL = "https://github.com/Alamofire/Alamofire.git";
			requirement = {
				kind = upToNextMajorVersion;
				minimumVersion = 5.8.1;
			};
		};
		161E40532B0F84300007D793 /* XCRemoteSwiftPackageReference "Kingfisher" */ = {
			isa = XCRemoteSwiftPackageReference;
			repositoryURL = "https://github.com/onevcat/Kingfisher";
			requirement = {
				kind = upToNextMajorVersion;
				minimumVersion = 7.0.0;
			};
		};
		161E40652B0F8FDA0007D793 /* XCRemoteSwiftPackageReference "SnapKit" */ = {
			isa = XCRemoteSwiftPackageReference;
			repositoryURL = "https://github.com/SnapKit/SnapKit.git";
			requirement = {
				kind = upToNextMajorVersion;
				minimumVersion = 5.0.1;
			};
		};
		169BC6F92B12792C00348814 /* XCRemoteSwiftPackageReference "PanModal" */ = {
			isa = XCRemoteSwiftPackageReference;
			repositoryURL = "https://github.com/slackhq/PanModal.git";
			requirement = {
				kind = upToNextMajorVersion;
				minimumVersion = 1.2.6;
			};
		};
		16C6A53F2B115DE3004ACE5C /* XCRemoteSwiftPackageReference "AnyFormatKit" */ = {
			isa = XCRemoteSwiftPackageReference;
			repositoryURL = "https://github.com/luximetr/AnyFormatKit.git";
			requirement = {
				kind = upToNextMajorVersion;
				minimumVersion = 2.5.2;
			};
		};
		16C6A5452B1161E5004ACE5C /* XCRemoteSwiftPackageReference "KeychainAccess" */ = {
			isa = XCRemoteSwiftPackageReference;
			repositoryURL = "https://github.com/kishikawakatsumi/KeychainAccess.git";
			requirement = {
				branch = master;
				kind = branch;
			};
		};
/* End XCRemoteSwiftPackageReference section */

/* Begin XCSwiftPackageProductDependency section */
		161E403C2B0F78DA0007D793 /* Alamofire */ = {
			isa = XCSwiftPackageProductDependency;
			package = 161E403B2B0F78DA0007D793 /* XCRemoteSwiftPackageReference "Alamofire" */;
			productName = Alamofire;
		};
		161E40542B0F84300007D793 /* Kingfisher */ = {
			isa = XCSwiftPackageProductDependency;
			package = 161E40532B0F84300007D793 /* XCRemoteSwiftPackageReference "Kingfisher" */;
			productName = Kingfisher;
		};
		161E40662B0F8FDA0007D793 /* SnapKit */ = {
			isa = XCSwiftPackageProductDependency;
			package = 161E40652B0F8FDA0007D793 /* XCRemoteSwiftPackageReference "SnapKit" */;
			productName = SnapKit;
		};
		169BC6FA2B12792C00348814 /* PanModal */ = {
			isa = XCSwiftPackageProductDependency;
			package = 169BC6F92B12792C00348814 /* XCRemoteSwiftPackageReference "PanModal" */;
			productName = PanModal;
		};
		16C6A5402B115DE3004ACE5C /* AnyFormatKit */ = {
			isa = XCSwiftPackageProductDependency;
			package = 16C6A53F2B115DE3004ACE5C /* XCRemoteSwiftPackageReference "AnyFormatKit" */;
			productName = AnyFormatKit;
		};
		16C6A5462B1161E6004ACE5C /* KeychainAccess */ = {
			isa = XCSwiftPackageProductDependency;
			package = 16C6A5452B1161E5004ACE5C /* XCRemoteSwiftPackageReference "KeychainAccess" */;
			productName = KeychainAccess;
		};
/* End XCSwiftPackageProductDependency section */
	};
	rootObject = 161E40002B0F60DB0007D793 /* Project object */;
}
